// !$*UTF8*$!
{
	archiveVersion = 1;
	classes = {
	};
	objectVersion = 56;
	objects = {

/* Begin PBXBuildFile section */
		4F27DA0B2C69005F0039A033 /* AppDelegate.swift in Sources */ = {isa = PBXBuildFile; fileRef = 4F27DA0A2C69005F0039A033 /* AppDelegate.swift */; };
		4F27DA0D2C69005F0039A033 /* SceneDelegate.swift in Sources */ = {isa = PBXBuildFile; fileRef = 4F27DA0C2C69005F0039A033 /* SceneDelegate.swift */; };
		4F27DA0F2C69005F0039A033 /* ViewController.swift in Sources */ = {isa = PBXBuildFile; fileRef = 4F27DA0E2C69005F0039A033 /* ViewController.swift */; };
		4F27DA122C69005F0039A033 /* Base in Resources */ = {isa = PBXBuildFile; fileRef = 4F27DA112C69005F0039A033 /* Base */; };
		4F27DA142C6900600039A033 /* Assets.xcassets in Resources */ = {isa = PBXBuildFile; fileRef = 4F27DA132C6900600039A033 /* Assets.xcassets */; };
		4F27DA172C6900600039A033 /* Base in Resources */ = {isa = PBXBuildFile; fileRef = 4F27DA162C6900600039A033 /* Base */; };
		4F27DA222C6900600039A033 /* OnBoardingViewAppTests.swift in Sources */ = {isa = PBXBuildFile; fileRef = 4F27DA212C6900600039A033 /* OnBoardingViewAppTests.swift */; };
		4F27DA2C2C6900600039A033 /* OnBoardingViewAppUITests.swift in Sources */ = {isa = PBXBuildFile; fileRef = 4F27DA2B2C6900600039A033 /* OnBoardingViewAppUITests.swift */; };
		4F27DA2E2C6900600039A033 /* OnBoardingViewAppUITestsLaunchTests.swift in Sources */ = {isa = PBXBuildFile; fileRef = 4F27DA2D2C6900600039A033 /* OnBoardingViewAppUITestsLaunchTests.swift */; };
		4F27DA3C2C6900DB0039A033 /* OnBoardingitemViewController.xib in Resources */ = {isa = PBXBuildFile; fileRef = 4F27DA3B2C6900DB0039A033 /* OnBoardingitemViewController.xib */; };
		4F27DA3D2C6900DB0039A033 /* OnBoardingitemViewController.swift in Sources */ = {isa = PBXBuildFile; fileRef = 4F27DA3A2C6900DB0039A033 /* OnBoardingitemViewController.swift */; };
		4F27DA3F2C69095E0039A033 /* OnBoardingPageViewController.swift in Sources */ = {isa = PBXBuildFile; fileRef = 4F27DA3E2C69095E0039A033 /* OnBoardingPageViewController.swift */; };
/* End PBXBuildFile section */

/* Begin PBXContainerItemProxy section */
		4F27DA1E2C6900600039A033 /* PBXContainerItemProxy */ = {
			isa = PBXContainerItemProxy;
			containerPortal = 4F27D9FF2C69005F0039A033 /* Project object */;
			proxyType = 1;
			remoteGlobalIDString = 4F27DA062C69005F0039A033;
			remoteInfo = OnBoardingViewApp;
		};
		4F27DA282C6900600039A033 /* PBXContainerItemProxy */ = {
			isa = PBXContainerItemProxy;
			containerPortal = 4F27D9FF2C69005F0039A033 /* Project object */;
			proxyType = 1;
			remoteGlobalIDString = 4F27DA062C69005F0039A033;
			remoteInfo = OnBoardingViewApp;
		};
/* End PBXContainerItemProxy section */

/* Begin PBXFileReference section */
		4F27DA072C69005F0039A033 /* OnBoardingViewApp.app */ = {isa = PBXFileReference; explicitFileType = wrapper.application; includeInIndex = 0; path = OnBoardingViewApp.app; sourceTree = BUILT_PRODUCTS_DIR; };
		4F27DA0A2C69005F0039A033 /* AppDelegate.swift */ = {isa = PBXFileReference; lastKnownFileType = sourcecode.swift; path = AppDelegate.swift; sourceTree = "<group>"; };
		4F27DA0C2C69005F0039A033 /* SceneDelegate.swift */ = {isa = PBXFileReference; lastKnownFileType = sourcecode.swift; path = SceneDelegate.swift; sourceTree = "<group>"; };
		4F27DA0E2C69005F0039A033 /* ViewController.swift */ = {isa = PBXFileReference; lastKnownFileType = sourcecode.swift; path = ViewController.swift; sourceTree = "<group>"; };
		4F27DA112C69005F0039A033 /* Base */ = {isa = PBXFileReference; lastKnownFileType = file.storyboard; name = Base; path = Base.lproj/Main.storyboard; sourceTree = "<group>"; };
		4F27DA132C6900600039A033 /* Assets.xcassets */ = {isa = PBXFileReference; lastKnownFileType = folder.assetcatalog; path = Assets.xcassets; sourceTree = "<group>"; };
		4F27DA162C6900600039A033 /* Base */ = {isa = PBXFileReference; lastKnownFileType = file.storyboard; name = Base; path = Base.lproj/LaunchScreen.storyboard; sourceTree = "<group>"; };
		4F27DA182C6900600039A033 /* Info.plist */ = {isa = PBXFileReference; lastKnownFileType = text.plist.xml; path = Info.plist; sourceTree = "<group>"; };
		4F27DA1D2C6900600039A033 /* OnBoardingViewAppTests.xctest */ = {isa = PBXFileReference; explicitFileType = wrapper.cfbundle; includeInIndex = 0; path = OnBoardingViewAppTests.xctest; sourceTree = BUILT_PRODUCTS_DIR; };
		4F27DA212C6900600039A033 /* OnBoardingViewAppTests.swift */ = {isa = PBXFileReference; lastKnownFileType = sourcecode.swift; path = OnBoardingViewAppTests.swift; sourceTree = "<group>"; };
		4F27DA272C6900600039A033 /* OnBoardingViewAppUITests.xctest */ = {isa = PBXFileReference; explicitFileType = wrapper.cfbundle; includeInIndex = 0; path = OnBoardingViewAppUITests.xctest; sourceTree = BUILT_PRODUCTS_DIR; };
		4F27DA2B2C6900600039A033 /* OnBoardingViewAppUITests.swift */ = {isa = PBXFileReference; lastKnownFileType = sourcecode.swift; path = OnBoardingViewAppUITests.swift; sourceTree = "<group>"; };
		4F27DA2D2C6900600039A033 /* OnBoardingViewAppUITestsLaunchTests.swift */ = {isa = PBXFileReference; lastKnownFileType = sourcecode.swift; path = OnBoardingViewAppUITestsLaunchTests.swift; sourceTree = "<group>"; };
		4F27DA3A2C6900DB0039A033 /* OnBoardingitemViewController.swift */ = {isa = PBXFileReference; lastKnownFileType = sourcecode.swift; path = OnBoardingitemViewController.swift; sourceTree = "<group>"; };
		4F27DA3B2C6900DB0039A033 /* OnBoardingitemViewController.xib */ = {isa = PBXFileReference; lastKnownFileType = file.xib; path = OnBoardingitemViewController.xib; sourceTree = "<group>"; };
		4F27DA3E2C69095E0039A033 /* OnBoardingPageViewController.swift */ = {isa = PBXFileReference; lastKnownFileType = sourcecode.swift; path = OnBoardingPageViewController.swift; sourceTree = "<group>"; };
/* End PBXFileReference section */

/* Begin PBXFrameworksBuildPhase section */
		4F27DA042C69005F0039A033 /* Frameworks */ = {
			isa = PBXFrameworksBuildPhase;
			buildActionMask = 2147483647;
			files = (
			);
			runOnlyForDeploymentPostprocessing = 0;
		};
		4F27DA1A2C6900600039A033 /* Frameworks */ = {
			isa = PBXFrameworksBuildPhase;
			buildActionMask = 2147483647;
			files = (
			);
			runOnlyForDeploymentPostprocessing = 0;
		};
		4F27DA242C6900600039A033 /* Frameworks */ = {
			isa = PBXFrameworksBuildPhase;
			buildActionMask = 2147483647;
			files = (
			);
			runOnlyForDeploymentPostprocessing = 0;
		};
/* End PBXFrameworksBuildPhase section */

/* Begin PBXGroup section */
		4F27D9FE2C69005F0039A033 = {
			isa = PBXGroup;
			children = (
				4F27DA092C69005F0039A033 /* OnBoardingViewApp */,
				4F27DA202C6900600039A033 /* OnBoardingViewAppTests */,
				4F27DA2A2C6900600039A033 /* OnBoardingViewAppUITests */,
				4F27DA082C69005F0039A033 /* Products */,
			);
			sourceTree = "<group>";
		};
		4F27DA082C69005F0039A033 /* Products */ = {
			isa = PBXGroup;
			children = (
				4F27DA072C69005F0039A033 /* OnBoardingViewApp.app */,
				4F27DA1D2C6900600039A033 /* OnBoardingViewAppTests.xctest */,
				4F27DA272C6900600039A033 /* OnBoardingViewAppUITests.xctest */,
			);
			name = Products;
			sourceTree = "<group>";
		};
		4F27DA092C69005F0039A033 /* OnBoardingViewApp */ = {
			isa = PBXGroup;
			children = (
				4F27DA0A2C69005F0039A033 /* AppDelegate.swift */,
				4F27DA0C2C69005F0039A033 /* SceneDelegate.swift */,
				4F27DA0E2C69005F0039A033 /* ViewController.swift */,
				4F27DA3E2C69095E0039A033 /* OnBoardingPageViewController.swift */,
				4F27DA3A2C6900DB0039A033 /* OnBoardingitemViewController.swift */,
				4F27DA3B2C6900DB0039A033 /* OnBoardingitemViewController.xib */,
				4F27DA102C69005F0039A033 /* Main.storyboard */,
				4F27DA132C6900600039A033 /* Assets.xcassets */,
				4F27DA152C6900600039A033 /* LaunchScreen.storyboard */,
				4F27DA182C6900600039A033 /* Info.plist */,
			);
			path = OnBoardingViewApp;
			sourceTree = "<group>";
		};
		4F27DA202C6900600039A033 /* OnBoardingViewAppTests */ = {
			isa = PBXGroup;
			children = (
				4F27DA212C6900600039A033 /* OnBoardingViewAppTests.swift */,
			);
			path = OnBoardingViewAppTests;
			sourceTree = "<group>";
		};
		4F27DA2A2C6900600039A033 /* OnBoardingViewAppUITests */ = {
			isa = PBXGroup;
			children = (
				4F27DA2B2C6900600039A033 /* OnBoardingViewAppUITests.swift */,
				4F27DA2D2C6900600039A033 /* OnBoardingViewAppUITestsLaunchTests.swift */,
			);
			path = OnBoardingViewAppUITests;
			sourceTree = "<group>";
		};
/* End PBXGroup section */

/* Begin PBXNativeTarget section */
		4F27DA062C69005F0039A033 /* OnBoardingViewApp */ = {
			isa = PBXNativeTarget;
			buildConfigurationList = 4F27DA312C6900600039A033 /* Build configuration list for PBXNativeTarget "OnBoardingViewApp" */;
			buildPhases = (
				4F27DA032C69005F0039A033 /* Sources */,
				4F27DA042C69005F0039A033 /* Frameworks */,
				4F27DA052C69005F0039A033 /* Resources */,
			);
			buildRules = (
			);
			dependencies = (
			);
			name = OnBoardingViewApp;
			productName = OnBoardingViewApp;
			productReference = 4F27DA072C69005F0039A033 /* OnBoardingViewApp.app */;
			productType = "com.apple.product-type.application";
		};
		4F27DA1C2C6900600039A033 /* OnBoardingViewAppTests */ = {
			isa = PBXNativeTarget;
			buildConfigurationList = 4F27DA342C6900600039A033 /* Build configuration list for PBXNativeTarget "OnBoardingViewAppTests" */;
			buildPhases = (
				4F27DA192C6900600039A033 /* Sources */,
				4F27DA1A2C6900600039A033 /* Frameworks */,
				4F27DA1B2C6900600039A033 /* Resources */,
			);
			buildRules = (
			);
			dependencies = (
				4F27DA1F2C6900600039A033 /* PBXTargetDependency */,
			);
			name = OnBoardingViewAppTests;
			productName = OnBoardingViewAppTests;
			productReference = 4F27DA1D2C6900600039A033 /* OnBoardingViewAppTests.xctest */;
			productType = "com.apple.product-type.bundle.unit-test";
		};
		4F27DA262C6900600039A033 /* OnBoardingViewAppUITests */ = {
			isa = PBXNativeTarget;
			buildConfigurationList = 4F27DA372C6900600039A033 /* Build configuration list for PBXNativeTarget "OnBoardingViewAppUITests" */;
			buildPhases = (
				4F27DA232C6900600039A033 /* Sources */,
				4F27DA242C6900600039A033 /* Frameworks */,
				4F27DA252C6900600039A033 /* Resources */,
			);
			buildRules = (
			);
			dependencies = (
				4F27DA292C6900600039A033 /* PBXTargetDependency */,
			);
			name = OnBoardingViewAppUITests;
			productName = OnBoardingViewAppUITests;
			productReference = 4F27DA272C6900600039A033 /* OnBoardingViewAppUITests.xctest */;
			productType = "com.apple.product-type.bundle.ui-testing";
		};
/* End PBXNativeTarget section */

/* Begin PBXProject section */
		4F27D9FF2C69005F0039A033 /* Project object */ = {
			isa = PBXProject;
			attributes = {
				BuildIndependentTargetsInParallel = 1;
				LastSwiftUpdateCheck = 1540;
				LastUpgradeCheck = 1540;
				TargetAttributes = {
					4F27DA062C69005F0039A033 = {
						CreatedOnToolsVersion = 15.4;
					};
					4F27DA1C2C6900600039A033 = {
						CreatedOnToolsVersion = 15.4;
						TestTargetID = 4F27DA062C69005F0039A033;
					};
					4F27DA262C6900600039A033 = {
						CreatedOnToolsVersion = 15.4;
						TestTargetID = 4F27DA062C69005F0039A033;
					};
				};
			};
			buildConfigurationList = 4F27DA022C69005F0039A033 /* Build configuration list for PBXProject "OnBoardingViewApp" */;
			compatibilityVersion = "Xcode 14.0";
			developmentRegion = en;
			hasScannedForEncodings = 0;
			knownRegions = (
				en,
				Base,
			);
			mainGroup = 4F27D9FE2C69005F0039A033;
			productRefGroup = 4F27DA082C69005F0039A033 /* Products */;
			projectDirPath = "";
			projectRoot = "";
			targets = (
				4F27DA062C69005F0039A033 /* OnBoardingViewApp */,
				4F27DA1C2C6900600039A033 /* OnBoardingViewAppTests */,
				4F27DA262C6900600039A033 /* OnBoardingViewAppUITests */,
			);
		};
/* End PBXProject section */

/* Begin PBXResourcesBuildPhase section */
		4F27DA052C69005F0039A033 /* Resources */ = {
			isa = PBXResourcesBuildPhase;
			buildActionMask = 2147483647;
			files = (
				4F27DA3C2C6900DB0039A033 /* OnBoardingitemViewController.xib in Resources */,
				4F27DA142C6900600039A033 /* Assets.xcassets in Resources */,
				4F27DA172C6900600039A033 /* Base in Resources */,
				4F27DA122C69005F0039A033 /* Base in Resources */,
			);
			runOnlyForDeploymentPostprocessing = 0;
		};
		4F27DA1B2C6900600039A033 /* Resources */ = {
			isa = PBXResourcesBuildPhase;
			buildActionMask = 2147483647;
			files = (
			);
			runOnlyForDeploymentPostprocessing = 0;
		};
		4F27DA252C6900600039A033 /* Resources */ = {
			isa = PBXResourcesBuildPhase;
			buildActionMask = 2147483647;
			files = (
			);
			runOnlyForDeploymentPostprocessing = 0;
		};
/* End PBXResourcesBuildPhase section */

/* Begin PBXSourcesBuildPhase section */
		4F27DA032C69005F0039A033 /* Sources */ = {
			isa = PBXSourcesBuildPhase;
			buildActionMask = 2147483647;
			files = (
				4F27DA0F2C69005F0039A033 /* ViewController.swift in Sources */,
				4F27DA0B2C69005F0039A033 /* AppDelegate.swift in Sources */,
				4F27DA3F2C69095E0039A033 /* OnBoardingPageViewController.swift in Sources */,
				4F27DA3D2C6900DB0039A033 /* OnBoardingitemViewController.swift in Sources */,
				4F27DA0D2C69005F0039A033 /* SceneDelegate.swift in Sources */,
			);
			runOnlyForDeploymentPostprocessing = 0;
		};
		4F27DA192C6900600039A033 /* Sources */ = {
			isa = PBXSourcesBuildPhase;
			buildActionMask = 2147483647;
			files = (
				4F27DA222C6900600039A033 /* OnBoardingViewAppTests.swift in Sources */,
			);
			runOnlyForDeploymentPostprocessing = 0;
		};
		4F27DA232C6900600039A033 /* Sources */ = {
			isa = PBXSourcesBuildPhase;
			buildActionMask = 2147483647;
			files = (
				4F27DA2E2C6900600039A033 /* OnBoardingViewAppUITestsLaunchTests.swift in Sources */,
				4F27DA2C2C6900600039A033 /* OnBoardingViewAppUITests.swift in Sources */,
			);
			runOnlyForDeploymentPostprocessing = 0;
		};
/* End PBXSourcesBuildPhase section */

/* Begin PBXTargetDependency section */
		4F27DA1F2C6900600039A033 /* PBXTargetDependency */ = {
			isa = PBXTargetDependency;
			target = 4F27DA062C69005F0039A033 /* OnBoardingViewApp */;
			targetProxy = 4F27DA1E2C6900600039A033 /* PBXContainerItemProxy */;
		};
		4F27DA292C6900600039A033 /* PBXTargetDependency */ = {
			isa = PBXTargetDependency;
			target = 4F27DA062C69005F0039A033 /* OnBoardingViewApp */;
			targetProxy = 4F27DA282C6900600039A033 /* PBXContainerItemProxy */;
		};
/* End PBXTargetDependency section */

/* Begin PBXVariantGroup section */
		4F27DA102C69005F0039A033 /* Main.storyboard */ = {
			isa = PBXVariantGroup;
			children = (
				4F27DA112C69005F0039A033 /* Base */,
			);
			name = Main.storyboard;
			sourceTree = "<group>";
		};
		4F27DA152C6900600039A033 /* LaunchScreen.storyboard */ = {
			isa = PBXVariantGroup;
			children = (
				4F27DA162C6900600039A033 /* Base */,
			);
			name = LaunchScreen.storyboard;
			sourceTree = "<group>";
		};
/* End PBXVariantGroup section */

/* Begin XCBuildConfiguration section */
		4F27DA2F2C6900600039A033 /* Debug */ = {
			isa = XCBuildConfiguration;
			buildSettings = {
				ALWAYS_SEARCH_USER_PATHS = NO;
				ASSETCATALOG_COMPILER_GENERATE_SWIFT_ASSET_SYMBOL_EXTENSIONS = YES;
				CLANG_ANALYZER_NONNULL = YES;
				CLANG_ANALYZER_NUMBER_OBJECT_CONVERSION = YES_AGGRESSIVE;
				CLANG_CXX_LANGUAGE_STANDARD = "gnu++20";
				CLANG_ENABLE_MODULES = YES;
				CLANG_ENABLE_OBJC_ARC = YES;
				CLANG_ENABLE_OBJC_WEAK = YES;
				CLANG_WARN_BLOCK_CAPTURE_AUTORELEASING = YES;
				CLANG_WARN_BOOL_CONVERSION = YES;
				CLANG_WARN_COMMA = YES;
				CLANG_WARN_CONSTANT_CONVERSION = YES;
				CLANG_WARN_DEPRECATED_OBJC_IMPLEMENTATIONS = YES;
				CLANG_WARN_DIRECT_OBJC_ISA_USAGE = YES_ERROR;
				CLANG_WARN_DOCUMENTATION_COMMENTS = YES;
				CLANG_WARN_EMPTY_BODY = YES;
				CLANG_WARN_ENUM_CONVERSION = YES;
				CLANG_WARN_INFINITE_RECURSION = YES;
				CLANG_WARN_INT_CONVERSION = YES;
				CLANG_WARN_NON_LITERAL_NULL_CONVERSION = YES;
				CLANG_WARN_OBJC_IMPLICIT_RETAIN_SELF = YES;
				CLANG_WARN_OBJC_LITERAL_CONVERSION = YES;
				CLANG_WARN_OBJC_ROOT_CLASS = YES_ERROR;
				CLANG_WARN_QUOTED_INCLUDE_IN_FRAMEWORK_HEADER = YES;
				CLANG_WARN_RANGE_LOOP_ANALYSIS = YES;
				CLANG_WARN_STRICT_PROTOTYPES = YES;
				CLANG_WARN_SUSPICIOUS_MOVE = YES;
				CLANG_WARN_UNGUARDED_AVAILABILITY = YES_AGGRESSIVE;
				CLANG_WARN_UNREACHABLE_CODE = YES;
				CLANG_WARN__DUPLICATE_METHOD_MATCH = YES;
				COPY_PHASE_STRIP = NO;
				DEBUG_INFORMATION_FORMAT = dwarf;
				ENABLE_STRICT_OBJC_MSGSEND = YES;
				ENABLE_TESTABILITY = YES;
				ENABLE_USER_SCRIPT_SANDBOXING = YES;
				GCC_C_LANGUAGE_STANDARD = gnu17;
				GCC_DYNAMIC_NO_PIC = NO;
				GCC_NO_COMMON_BLOCKS = YES;
				GCC_OPTIMIZATION_LEVEL = 0;
				GCC_PREPROCESSOR_DEFINITIONS = (
					"DEBUG=1",
					"$(inherited)",
				);
				GCC_WARN_64_TO_32_BIT_CONVERSION = YES;
				GCC_WARN_ABOUT_RETURN_TYPE = YES_ERROR;
				GCC_WARN_UNDECLARED_SELECTOR = YES;
				GCC_WARN_UNINITIALIZED_AUTOS = YES_AGGRESSIVE;
				GCC_WARN_UNUSED_FUNCTION = YES;
				GCC_WARN_UNUSED_VARIABLE = YES;
				IPHONEOS_DEPLOYMENT_TARGET = 17.5;
				LOCALIZATION_PREFERS_STRING_CATALOGS = YES;
				MTL_ENABLE_DEBUG_INFO = INCLUDE_SOURCE;
				MTL_FAST_MATH = YES;
				ONLY_ACTIVE_ARCH = YES;
				SDKROOT = iphoneos;
				SWIFT_ACTIVE_COMPILATION_CONDITIONS = "DEBUG $(inherited)";
				SWIFT_OPTIMIZATION_LEVEL = "-Onone";
			};
			name = Debug;
		};
		4F27DA302C6900600039A033 /* Release */ = {
			isa = XCBuildConfiguration;
			buildSettings = {
				ALWAYS_SEARCH_USER_PATHS = NO;
				ASSETCATALOG_COMPILER_GENERATE_SWIFT_ASSET_SYMBOL_EXTENSIONS = YES;
				CLANG_ANALYZER_NONNULL = YES;
				CLANG_ANALYZER_NUMBER_OBJECT_CONVERSION = YES_AGGRESSIVE;
				CLANG_CXX_LANGUAGE_STANDARD = "gnu++20";
				CLANG_ENABLE_MODULES = YES;
				CLANG_ENABLE_OBJC_ARC = YES;
				CLANG_ENABLE_OBJC_WEAK = YES;
				CLANG_WARN_BLOCK_CAPTURE_AUTORELEASING = YES;
				CLANG_WARN_BOOL_CONVERSION = YES;
				CLANG_WARN_COMMA = YES;
				CLANG_WARN_CONSTANT_CONVERSION = YES;
				CLANG_WARN_DEPRECATED_OBJC_IMPLEMENTATIONS = YES;
				CLANG_WARN_DIRECT_OBJC_ISA_USAGE = YES_ERROR;
				CLANG_WARN_DOCUMENTATION_COMMENTS = YES;
				CLANG_WARN_EMPTY_BODY = YES;
				CLANG_WARN_ENUM_CONVERSION = YES;
				CLANG_WARN_INFINITE_RECURSION = YES;
				CLANG_WARN_INT_CONVERSION = YES;
				CLANG_WARN_NON_LITERAL_NULL_CONVERSION = YES;
				CLANG_WARN_OBJC_IMPLICIT_RETAIN_SELF = YES;
				CLANG_WARN_OBJC_LITERAL_CONVERSION = YES;
				CLANG_WARN_OBJC_ROOT_CLASS = YES_ERROR;
				CLANG_WARN_QUOTED_INCLUDE_IN_FRAMEWORK_HEADER = YES;
				CLANG_WARN_RANGE_LOOP_ANALYSIS = YES;
				CLANG_WARN_STRICT_PROTOTYPES = YES;
				CLANG_WARN_SUSPICIOUS_MOVE = YES;
				CLANG_WARN_UNGUARDED_AVAILABILITY = YES_AGGRESSIVE;
				CLANG_WARN_UNREACHABLE_CODE = YES;
				CLANG_WARN__DUPLICATE_METHOD_MATCH = YES;
				COPY_PHASE_STRIP = NO;
				DEBUG_INFORMATION_FORMAT = "dwarf-with-dsym";
				ENABLE_NS_ASSERTIONS = NO;
				ENABLE_STRICT_OBJC_MSGSEND = YES;
				ENABLE_USER_SCRIPT_SANDBOXING = YES;
				GCC_C_LANGUAGE_STANDARD = gnu17;
				GCC_NO_COMMON_BLOCKS = YES;
				GCC_WARN_64_TO_32_BIT_CONVERSION = YES;
				GCC_WARN_ABOUT_RETURN_TYPE = YES_ERROR;
				GCC_WARN_UNDECLARED_SELECTOR = YES;
				GCC_WARN_UNINITIALIZED_AUTOS = YES_AGGRESSIVE;
				GCC_WARN_UNUSED_FUNCTION = YES;
				GCC_WARN_UNUSED_VARIABLE = YES;
				IPHONEOS_DEPLOYMENT_TARGET = 17.5;
				LOCALIZATION_PREFERS_STRING_CATALOGS = YES;
				MTL_ENABLE_DEBUG_INFO = NO;
				MTL_FAST_MATH = YES;
				SDKROOT = iphoneos;
				SWIFT_COMPILATION_MODE = wholemodule;
				VALIDATE_PRODUCT = YES;
			};
			name = Release;
		};
		4F27DA322C6900600039A033 /* Debug */ = {
			isa = XCBuildConfiguration;
			buildSettings = {
				ASSETCATALOG_COMPILER_APPICON_NAME = AppIcon;
				ASSETCATALOG_COMPILER_GLOBAL_ACCENT_COLOR_NAME = AccentColor;
				CODE_SIGN_STYLE = Automatic;
				CURRENT_PROJECT_VERSION = 1;
				DEVELOPMENT_TEAM = 9XP9Q9NGAM;
				GENERATE_INFOPLIST_FILE = YES;
				INFOPLIST_FILE = OnBoardingViewApp/Info.plist;
				INFOPLIST_KEY_UIApplicationSupportsIndirectInputEvents = YES;
				INFOPLIST_KEY_UILaunchStoryboardName = LaunchScreen;
				INFOPLIST_KEY_UIMainStoryboardFile = Main;
				INFOPLIST_KEY_UISupportedInterfaceOrientations_iPad = "UIInterfaceOrientationPortrait UIInterfaceOrientationPortraitUpsideDown UIInterfaceOrientationLandscapeLeft UIInterfaceOrientationLandscapeRight";
				INFOPLIST_KEY_UISupportedInterfaceOrientations_iPhone = "UIInterfaceOrientationPortrait UIInterfaceOrientationLandscapeLeft UIInterfaceOrientationLandscapeRight";
				LD_RUNPATH_SEARCH_PATHS = (
					"$(inherited)",
					"@executable_path/Frameworks",
				);
				MARKETING_VERSION = 1.0;
				PRODUCT_BUNDLE_IDENTIFIER = com.agmma.OnBoardingViewApp;
				PRODUCT_NAME = "$(TARGET_NAME)";
				SWIFT_EMIT_LOC_STRINGS = YES;
				SWIFT_VERSION = 5.0;
				TARGETED_DEVICE_FAMILY = "1,2";
			};
			name = Debug;
		};
		4F27DA332C6900600039A033 /* Release */ = {
			isa = XCBuildConfiguration;
			buildSettings = {
				ASSETCATALOG_COMPILER_APPICON_NAME = AppIcon;
				ASSETCATALOG_COMPILER_GLOBAL_ACCENT_COLOR_NAME = AccentColor;
				CODE_SIGN_STYLE = Automatic;
				CURRENT_PROJECT_VERSION = 1;
				DEVELOPMENT_TEAM = 9XP9Q9NGAM;
				GENERATE_INFOPLIST_FILE = YES;
				INFOPLIST_FILE = OnBoardingViewApp/Info.plist;
				INFOPLIST_KEY_UIApplicationSupportsIndirectInputEvents = YES;
				INFOPLIST_KEY_UILaunchStoryboardName = LaunchScreen;
				INFOPLIST_KEY_UIMainStoryboardFile = Main;
				INFOPLIST_KEY_UISupportedInterfaceOrientations_iPad = "UIInterfaceOrientationPortrait UIInterfaceOrientationPortraitUpsideDown UIInterfaceOrientationLandscapeLeft UIInterfaceOrientationLandscapeRight";
				INFOPLIST_KEY_UISupportedInterfaceOrientations_iPhone = "UIInterfaceOrientationPortrait UIInterfaceOrientationLandscapeLeft UIInterfaceOrientationLandscapeRight";
				LD_RUNPATH_SEARCH_PATHS = (
					"$(inherited)",
					"@executable_path/Frameworks",
				);
				MARKETING_VERSION = 1.0;
				PRODUCT_BUNDLE_IDENTIFIER = com.agmma.OnBoardingViewApp;
				PRODUCT_NAME = "$(TARGET_NAME)";
				SWIFT_EMIT_LOC_STRINGS = YES;
				SWIFT_VERSION = 5.0;
				TARGETED_DEVICE_FAMILY = "1,2";
			};
			name = Release;
		};
		4F27DA352C6900600039A033 /* Debug */ = {
			isa = XCBuildConfiguration;
			buildSettings = {
				ALWAYS_EMBED_SWIFT_STANDARD_LIBRARIES = YES;
				BUNDLE_LOADER = "$(TEST_HOST)";
				CODE_SIGN_STYLE = Automatic;
				CURRENT_PROJECT_VERSION = 1;
				DEVELOPMENT_TEAM = 9XP9Q9NGAM;
				GENERATE_INFOPLIST_FILE = YES;
				IPHONEOS_DEPLOYMENT_TARGET = 17.5;
				MARKETING_VERSION = 1.0;
				PRODUCT_BUNDLE_IDENTIFIER = com.agmma.OnBoardingViewAppTests;
				PRODUCT_NAME = "$(TARGET_NAME)";
				SWIFT_EMIT_LOC_STRINGS = NO;
				SWIFT_VERSION = 5.0;
				TARGETED_DEVICE_FAMILY = "1,2";
				TEST_HOST = "$(BUILT_PRODUCTS_DIR)/OnBoardingViewApp.app/$(BUNDLE_EXECUTABLE_FOLDER_PATH)/OnBoardingViewApp";
			};
			name = Debug;
		};
		4F27DA362C6900600039A033 /* Release */ = {
			isa = XCBuildConfiguration;
			buildSettings = {
				ALWAYS_EMBED_SWIFT_STANDARD_LIBRARIES = YES;
				BUNDLE_LOADER = "$(TEST_HOST)";
				CODE_SIGN_STYLE = Automatic;
				CURRENT_PROJECT_VERSION = 1;
				DEVELOPMENT_TEAM = 9XP9Q9NGAM;
				GENERATE_INFOPLIST_FILE = YES;
				IPHONEOS_DEPLOYMENT_TARGET = 17.5;
				MARKETING_VERSION = 1.0;
				PRODUCT_BUNDLE_IDENTIFIER = com.agmma.OnBoardingViewAppTests;
				PRODUCT_NAME = "$(TARGET_NAME)";
				SWIFT_EMIT_LOC_STRINGS = NO;
				SWIFT_VERSION = 5.0;
				TARGETED_DEVICE_FAMILY = "1,2";
				TEST_HOST = "$(BUILT_PRODUCTS_DIR)/OnBoardingViewApp.app/$(BUNDLE_EXECUTABLE_FOLDER_PATH)/OnBoardingViewApp";
			};
			name = Release;
		};
		4F27DA382C6900600039A033 /* Debug */ = {
			isa = XCBuildConfiguration;
			buildSettings = {
				ALWAYS_EMBED_SWIFT_STANDARD_LIBRARIES = YES;
				CODE_SIGN_STYLE = Automatic;
				CURRENT_PROJECT_VERSION = 1;
				DEVELOPMENT_TEAM = 9XP9Q9NGAM;
				GENERATE_INFOPLIST_FILE = YES;
				MARKETING_VERSION = 1.0;
				PRODUCT_BUNDLE_IDENTIFIER = com.agmma.OnBoardingViewAppUITests;
				PRODUCT_NAME = "$(TARGET_NAME)";
				SWIFT_EMIT_LOC_STRINGS = NO;
				SWIFT_VERSION = 5.0;
				TARGETED_DEVICE_FAMILY = "1,2";
				TEST_TARGET_NAME = OnBoardingViewApp;
			};
			name = Debug;
		};
		4F27DA392C6900600039A033 /* Release */ = {
			isa = XCBuildConfiguration;
			buildSettings = {
				ALWAYS_EMBED_SWIFT_STANDARD_LIBRARIES = YES;
				CODE_SIGN_STYLE = Automatic;
				CURRENT_PROJECT_VERSION = 1;
				DEVELOPMENT_TEAM = 9XP9Q9NGAM;
				GENERATE_INFOPLIST_FILE = YES;
				MARKETING_VERSION = 1.0;
				PRODUCT_BUNDLE_IDENTIFIER = com.agmma.OnBoardingViewAppUITests;
				PRODUCT_NAME = "$(TARGET_NAME)";
				SWIFT_EMIT_LOC_STRINGS = NO;
				SWIFT_VERSION = 5.0;
				TARGETED_DEVICE_FAMILY = "1,2";
				TEST_TARGET_NAME = OnBoardingViewApp;
			};
			name = Release;
		};
/* End XCBuildConfiguration section */

/* Begin XCConfigurationList section */
		4F27DA022C69005F0039A033 /* Build configuration list for PBXProject "OnBoardingViewApp" */ = {
			isa = XCConfigurationList;
			buildConfigurations = (
				4F27DA2F2C6900600039A033 /* Debug */,
				4F27DA302C6900600039A033 /* Release */,
			);
			defaultConfigurationIsVisible = 0;
			defaultConfigurationName = Release;
		};
		4F27DA312C6900600039A033 /* Build configuration list for PBXNativeTarget "OnBoardingViewApp" */ = {
			isa = XCConfigurationList;
			buildConfigurations = (
				4F27DA322C6900600039A033 /* Debug */,
				4F27DA332C6900600039A033 /* Release */,
			);
			defaultConfigurationIsVisible = 0;
			defaultConfigurationName = Release;
		};
		4F27DA342C6900600039A033 /* Build configuration list for PBXNativeTarget "OnBoardingViewAppTests" */ = {
			isa = XCConfigurationList;
			buildConfigurations = (
				4F27DA352C6900600039A033 /* Debug */,
				4F27DA362C6900600039A033 /* Release */,
			);
			defaultConfigurationIsVisible = 0;
			defaultConfigurationName = Release;
		};
		4F27DA372C6900600039A033 /* Build configuration list for PBXNativeTarget "OnBoardingViewAppUITests" */ = {
			isa = XCConfigurationList;
			buildConfigurations = (
				4F27DA382C6900600039A033 /* Debug */,
				4F27DA392C6900600039A033 /* Release */,
			);
			defaultConfigurationIsVisible = 0;
			defaultConfigurationName = Release;
		};
/* End XCConfigurationList section */
	};
	rootObject = 4F27D9FF2C69005F0039A033 /* Project object */;
}
