// !$*UTF8*$!
{
	archiveVersion = 1;
	classes = {
	};
	objectVersion = 56;
	objects = {

/* Begin PBXBuildFile section */
		4F3508D12C73457C00DD9252 /* AppDelegate.swift in Sources */ = {isa = PBXBuildFile; fileRef = 4F3508D02C73457C00DD9252 /* AppDelegate.swift */; };
		4F3508D32C73457C00DD9252 /* SceneDelegate.swift in Sources */ = {isa = PBXBuildFile; fileRef = 4F3508D22C73457C00DD9252 /* SceneDelegate.swift */; };
		4F3508D52C73457C00DD9252 /* ViewController.swift in Sources */ = {isa = PBXBuildFile; fileRef = 4F3508D42C73457C00DD9252 /* ViewController.swift */; };
		4F3508D82C73457C00DD9252 /* Base in Resources */ = {isa = PBXBuildFile; fileRef = 4F3508D72C73457C00DD9252 /* Base */; };
		4F3508DA2C73457D00DD9252 /* Assets.xcassets in Resources */ = {isa = PBXBuildFile; fileRef = 4F3508D92C73457D00DD9252 /* Assets.xcassets */; };
		4F3508DD2C73457D00DD9252 /* Base in Resources */ = {isa = PBXBuildFile; fileRef = 4F3508DC2C73457D00DD9252 /* Base */; };
		4F3508E82C73457D00DD9252 /* MovieAppTests.swift in Sources */ = {isa = PBXBuildFile; fileRef = 4F3508E72C73457D00DD9252 /* MovieAppTests.swift */; };
		4F3508F22C73457D00DD9252 /* MovieAppUITests.swift in Sources */ = {isa = PBXBuildFile; fileRef = 4F3508F12C73457D00DD9252 /* MovieAppUITests.swift */; };
		4F3508F42C73457D00DD9252 /* MovieAppUITestsLaunchTests.swift in Sources */ = {isa = PBXBuildFile; fileRef = 4F3508F32C73457D00DD9252 /* MovieAppUITestsLaunchTests.swift */; };
		4F3509012C7346E200DD9252 /* MovieCell.swift in Sources */ = {isa = PBXBuildFile; fileRef = 4F3509002C7346E200DD9252 /* MovieCell.swift */; };
		4F591F822C782CEA00A25491 /* MovieModel.swift in Sources */ = {isa = PBXBuildFile; fileRef = 4F591F812C782CEA00A25491 /* MovieModel.swift */; };
		4F591F872C7CD5C800A25491 /* DetailViewController.swift in Sources */ = {isa = PBXBuildFile; fileRef = 4F591F862C7CD5C800A25491 /* DetailViewController.swift */; };
		4F591F892C7CD5E700A25491 /* DetailViewController.storyboard in Resources */ = {isa = PBXBuildFile; fileRef = 4F591F882C7CD5E700A25491 /* DetailViewController.storyboard */; };
		4F591F8B2C7F77B800A25491 /* NetworkLayer.swift in Sources */ = {isa = PBXBuildFile; fileRef = 4F591F8A2C7F77B800A25491 /* NetworkLayer.swift */; };
/* End PBXBuildFile section */

/* Begin PBXContainerItemProxy section */
		4F3508E42C73457D00DD9252 /* PBXContainerItemProxy */ = {
			isa = PBXContainerItemProxy;
			containerPortal = 4F3508C52C73457C00DD9252 /* Project object */;
			proxyType = 1;
			remoteGlobalIDString = 4F3508CC2C73457C00DD9252;
			remoteInfo = MovieApp;
		};
		4F3508EE2C73457D00DD9252 /* PBXContainerItemProxy */ = {
			isa = PBXContainerItemProxy;
			containerPortal = 4F3508C52C73457C00DD9252 /* Project object */;
			proxyType = 1;
			remoteGlobalIDString = 4F3508CC2C73457C00DD9252;
			remoteInfo = MovieApp;
		};
/* End PBXContainerItemProxy section */

/* Begin PBXFileReference section */
		4F3508CD2C73457C00DD9252 /* MovieApp.app */ = {isa = PBXFileReference; explicitFileType = wrapper.application; includeInIndex = 0; path = MovieApp.app; sourceTree = BUILT_PRODUCTS_DIR; };
		4F3508D02C73457C00DD9252 /* AppDelegate.swift */ = {isa = PBXFileReference; lastKnownFileType = sourcecode.swift; path = AppDelegate.swift; sourceTree = "<group>"; };
		4F3508D22C73457C00DD9252 /* SceneDelegate.swift */ = {isa = PBXFileReference; lastKnownFileType = sourcecode.swift; path = SceneDelegate.swift; sourceTree = "<group>"; };
		4F3508D42C73457C00DD9252 /* ViewController.swift */ = {isa = PBXFileReference; lastKnownFileType = sourcecode.swift; path = ViewController.swift; sourceTree = "<group>"; };
		4F3508D72C73457C00DD9252 /* Base */ = {isa = PBXFileReference; lastKnownFileType = file.storyboard; name = Base; path = Base.lproj/Main.storyboard; sourceTree = "<group>"; };
		4F3508D92C73457D00DD9252 /* Assets.xcassets */ = {isa = PBXFileReference; lastKnownFileType = folder.assetcatalog; path = Assets.xcassets; sourceTree = "<group>"; };
		4F3508DC2C73457D00DD9252 /* Base */ = {isa = PBXFileReference; lastKnownFileType = file.storyboard; name = Base; path = Base.lproj/LaunchScreen.storyboard; sourceTree = "<group>"; };
		4F3508DE2C73457D00DD9252 /* Info.plist */ = {isa = PBXFileReference; lastKnownFileType = text.plist.xml; path = Info.plist; sourceTree = "<group>"; };
		4F3508E32C73457D00DD9252 /* MovieAppTests.xctest */ = {isa = PBXFileReference; explicitFileType = wrapper.cfbundle; includeInIndex = 0; path = MovieAppTests.xctest; sourceTree = BUILT_PRODUCTS_DIR; };
		4F3508E72C73457D00DD9252 /* MovieAppTests.swift */ = {isa = PBXFileReference; lastKnownFileType = sourcecode.swift; path = MovieAppTests.swift; sourceTree = "<group>"; };
		4F3508ED2C73457D00DD9252 /* MovieAppUITests.xctest */ = {isa = PBXFileReference; explicitFileType = wrapper.cfbundle; includeInIndex = 0; path = MovieAppUITests.xctest; sourceTree = BUILT_PRODUCTS_DIR; };
		4F3508F12C73457D00DD9252 /* MovieAppUITests.swift */ = {isa = PBXFileReference; lastKnownFileType = sourcecode.swift; path = MovieAppUITests.swift; sourceTree = "<group>"; };
		4F3508F32C73457D00DD9252 /* MovieAppUITestsLaunchTests.swift */ = {isa = PBXFileReference; lastKnownFileType = sourcecode.swift; path = MovieAppUITestsLaunchTests.swift; sourceTree = "<group>"; };
		4F3509002C7346E200DD9252 /* MovieCell.swift */ = {isa = PBXFileReference; lastKnownFileType = sourcecode.swift; path = MovieCell.swift; sourceTree = "<group>"; };
		4F591F812C782CEA00A25491 /* MovieModel.swift */ = {isa = PBXFileReference; lastKnownFileType = sourcecode.swift; path = MovieModel.swift; sourceTree = "<group>"; };
		4F591F852C782DCD00A25491 /* 1.txt */ = {isa = PBXFileReference; lastKnownFileType = text; path = 1.txt; sourceTree = "<group>"; };
		4F591F862C7CD5C800A25491 /* DetailViewController.swift */ = {isa = PBXFileReference; lastKnownFileType = sourcecode.swift; path = DetailViewController.swift; sourceTree = "<group>"; };
		4F591F882C7CD5E700A25491 /* DetailViewController.storyboard */ = {isa = PBXFileReference; lastKnownFileType = file.storyboard; path = DetailViewController.storyboard; sourceTree = "<group>"; };
		4F591F8A2C7F77B800A25491 /* NetworkLayer.swift */ = {isa = PBXFileReference; lastKnownFileType = sourcecode.swift; path = NetworkLayer.swift; sourceTree = "<group>"; };
/* End PBXFileReference section */

/* Begin PBXFrameworksBuildPhase section */
		4F3508CA2C73457C00DD9252 /* Frameworks */ = {
			isa = PBXFrameworksBuildPhase;
			buildActionMask = 2147483647;
			files = (
			);
			runOnlyForDeploymentPostprocessing = 0;
		};
		4F3508E02C73457D00DD9252 /* Frameworks */ = {
			isa = PBXFrameworksBuildPhase;
			buildActionMask = 2147483647;
			files = (
			);
			runOnlyForDeploymentPostprocessing = 0;
		};
		4F3508EA2C73457D00DD9252 /* Frameworks */ = {
			isa = PBXFrameworksBuildPhase;
			buildActionMask = 2147483647;
			files = (
			);
			runOnlyForDeploymentPostprocessing = 0;
		};
/* End PBXFrameworksBuildPhase section */

/* Begin PBXGroup section */
		4F3508C42C73457C00DD9252 = {
			isa = PBXGroup;
			children = (
				4F3508CF2C73457C00DD9252 /* MovieApp */,
				4F3508E62C73457D00DD9252 /* MovieAppTests */,
				4F3508F02C73457D00DD9252 /* MovieAppUITests */,
				4F3508CE2C73457C00DD9252 /* Products */,
			);
			sourceTree = "<group>";
		};
		4F3508CE2C73457C00DD9252 /* Products */ = {
			isa = PBXGroup;
			children = (
				4F3508CD2C73457C00DD9252 /* MovieApp.app */,
				4F3508E32C73457D00DD9252 /* MovieAppTests.xctest */,
				4F3508ED2C73457D00DD9252 /* MovieAppUITests.xctest */,
			);
			name = Products;
			sourceTree = "<group>";
		};
		4F3508CF2C73457C00DD9252 /* MovieApp */ = {
			isa = PBXGroup;
			children = (
				4F591F852C782DCD00A25491 /* 1.txt */,
				4F3508D02C73457C00DD9252 /* AppDelegate.swift */,
				4F3508D22C73457C00DD9252 /* SceneDelegate.swift */,
				4F3508D42C73457C00DD9252 /* ViewController.swift */,
				4F591F862C7CD5C800A25491 /* DetailViewController.swift */,
				4F591F8A2C7F77B800A25491 /* NetworkLayer.swift */,
				4F591F882C7CD5E700A25491 /* DetailViewController.storyboard */,
				4F591F812C782CEA00A25491 /* MovieModel.swift */,
				4F3509002C7346E200DD9252 /* MovieCell.swift */,
				4F3508D62C73457C00DD9252 /* Main.storyboard */,
				4F3508D92C73457D00DD9252 /* Assets.xcassets */,
				4F3508DB2C73457D00DD9252 /* LaunchScreen.storyboard */,
				4F3508DE2C73457D00DD9252 /* Info.plist */,
			);
			path = MovieApp;
			sourceTree = "<group>";
		};
		4F3508E62C73457D00DD9252 /* MovieAppTests */ = {
			isa = PBXGroup;
			children = (
				4F3508E72C73457D00DD9252 /* MovieAppTests.swift */,
			);
			path = MovieAppTests;
			sourceTree = "<group>";
		};
		4F3508F02C73457D00DD9252 /* MovieAppUITests */ = {
			isa = PBXGroup;
			children = (
				4F3508F12C73457D00DD9252 /* MovieAppUITests.swift */,
				4F3508F32C73457D00DD9252 /* MovieAppUITestsLaunchTests.swift */,
			);
			path = MovieAppUITests;
			sourceTree = "<group>";
		};
/* End PBXGroup section */

/* Begin PBXNativeTarget section */
		4F3508CC2C73457C00DD9252 /* MovieApp */ = {
			isa = PBXNativeTarget;
			buildConfigurationList = 4F3508F72C73457D00DD9252 /* Build configuration list for PBXNativeTarget "MovieApp" */;
			buildPhases = (
				4F3508C92C73457C00DD9252 /* Sources */,
				4F3508CA2C73457C00DD9252 /* Frameworks */,
				4F3508CB2C73457C00DD9252 /* Resources */,
			);
			buildRules = (
			);
			dependencies = (
			);
			name = MovieApp;
			productName = MovieApp;
			productReference = 4F3508CD2C73457C00DD9252 /* MovieApp.app */;
			productType = "com.apple.product-type.application";
		};
		4F3508E22C73457D00DD9252 /* MovieAppTests */ = {
			isa = PBXNativeTarget;
			buildConfigurationList = 4F3508FA2C73457D00DD9252 /* Build configuration list for PBXNativeTarget "MovieAppTests" */;
			buildPhases = (
				4F3508DF2C73457D00DD9252 /* Sources */,
				4F3508E02C73457D00DD9252 /* Frameworks */,
				4F3508E12C73457D00DD9252 /* Resources */,
			);
			buildRules = (
			);
			dependencies = (
				4F3508E52C73457D00DD9252 /* PBXTargetDependency */,
			);
			name = MovieAppTests;
			productName = MovieAppTests;
			productReference = 4F3508E32C73457D00DD9252 /* MovieAppTests.xctest */;
			productType = "com.apple.product-type.bundle.unit-test";
		};
		4F3508EC2C73457D00DD9252 /* MovieAppUITests */ = {
			isa = PBXNativeTarget;
			buildConfigurationList = 4F3508FD2C73457D00DD9252 /* Build configuration list for PBXNativeTarget "MovieAppUITests" */;
			buildPhases = (
				4F3508E92C73457D00DD9252 /* Sources */,
				4F3508EA2C73457D00DD9252 /* Frameworks */,
				4F3508EB2C73457D00DD9252 /* Resources */,
			);
			buildRules = (
			);
			dependencies = (
				4F3508EF2C73457D00DD9252 /* PBXTargetDependency */,
			);
			name = MovieAppUITests;
			productName = MovieAppUITests;
			productReference = 4F3508ED2C73457D00DD9252 /* MovieAppUITests.xctest */;
			productType = "com.apple.product-type.bundle.ui-testing";
		};
/* End PBXNativeTarget section */

/* Begin PBXProject section */
		4F3508C52C73457C00DD9252 /* Project object */ = {
			isa = PBXProject;
			attributes = {
				BuildIndependentTargetsInParallel = 1;
				LastSwiftUpdateCheck = 1540;
				LastUpgradeCheck = 1540;
				TargetAttributes = {
					4F3508CC2C73457C00DD9252 = {
						CreatedOnToolsVersion = 15.4;
					};
					4F3508E22C73457D00DD9252 = {
						CreatedOnToolsVersion = 15.4;
						TestTargetID = 4F3508CC2C73457C00DD9252;
					};
					4F3508EC2C73457D00DD9252 = {
						CreatedOnToolsVersion = 15.4;
						TestTargetID = 4F3508CC2C73457C00DD9252;
					};
				};
			};
			buildConfigurationList = 4F3508C82C73457C00DD9252 /* Build configuration list for PBXProject "MovieApp" */;
			compatibilityVersion = "Xcode 14.0";
			developmentRegion = en;
			hasScannedForEncodings = 0;
			knownRegions = (
				en,
				Base,
			);
			mainGroup = 4F3508C42C73457C00DD9252;
			productRefGroup = 4F3508CE2C73457C00DD9252 /* Products */;
			projectDirPath = "";
			projectRoot = "";
			targets = (
				4F3508CC2C73457C00DD9252 /* MovieApp */,
				4F3508E22C73457D00DD9252 /* MovieAppTests */,
				4F3508EC2C73457D00DD9252 /* MovieAppUITests */,
			);
		};
/* End PBXProject section */

/* Begin PBXResourcesBuildPhase section */
		4F3508CB2C73457C00DD9252 /* Resources */ = {
			isa = PBXResourcesBuildPhase;
			buildActionMask = 2147483647;
			files = (
				4F591F892C7CD5E700A25491 /* DetailViewController.storyboard in Resources */,
				4F3508DA2C73457D00DD9252 /* Assets.xcassets in Resources */,
				4F3508DD2C73457D00DD9252 /* Base in Resources */,
				4F3508D82C73457C00DD9252 /* Base in Resources */,
			);
			runOnlyForDeploymentPostprocessing = 0;
		};
		4F3508E12C73457D00DD9252 /* Resources */ = {
			isa = PBXResourcesBuildPhase;
			buildActionMask = 2147483647;
			files = (
			);
			runOnlyForDeploymentPostprocessing = 0;
		};
		4F3508EB2C73457D00DD9252 /* Resources */ = {
			isa = PBXResourcesBuildPhase;
			buildActionMask = 2147483647;
			files = (
			);
			runOnlyForDeploymentPostprocessing = 0;
		};
/* End PBXResourcesBuildPhase section */

/* Begin PBXSourcesBuildPhase section */
		4F3508C92C73457C00DD9252 /* Sources */ = {
			isa = PBXSourcesBuildPhase;
			buildActionMask = 2147483647;
			files = (
				4F591F8B2C7F77B800A25491 /* NetworkLayer.swift in Sources */,
				4F3508D52C73457C00DD9252 /* ViewController.swift in Sources */,
				4F3508D12C73457C00DD9252 /* AppDelegate.swift in Sources */,
				4F591F822C782CEA00A25491 /* MovieModel.swift in Sources */,
				4F591F872C7CD5C800A25491 /* DetailViewController.swift in Sources */,
				4F3509012C7346E200DD9252 /* MovieCell.swift in Sources */,
				4F3508D32C73457C00DD9252 /* SceneDelegate.swift in Sources */,
			);
			runOnlyForDeploymentPostprocessing = 0;
		};
		4F3508DF2C73457D00DD9252 /* Sources */ = {
			isa = PBXSourcesBuildPhase;
			buildActionMask = 2147483647;
			files = (
				4F3508E82C73457D00DD9252 /* MovieAppTests.swift in Sources */,
			);
			runOnlyForDeploymentPostprocessing = 0;
		};
		4F3508E92C73457D00DD9252 /* Sources */ = {
			isa = PBXSourcesBuildPhase;
			buildActionMask = 2147483647;
			files = (
				4F3508F42C73457D00DD9252 /* MovieAppUITestsLaunchTests.swift in Sources */,
				4F3508F22C73457D00DD9252 /* MovieAppUITests.swift in Sources */,
			);
			runOnlyForDeploymentPostprocessing = 0;
		};
/* End PBXSourcesBuildPhase section */

/* Begin PBXTargetDependency section */
		4F3508E52C73457D00DD9252 /* PBXTargetDependency */ = {
			isa = PBXTargetDependency;
			target = 4F3508CC2C73457C00DD9252 /* MovieApp */;
			targetProxy = 4F3508E42C73457D00DD9252 /* PBXContainerItemProxy */;
		};
		4F3508EF2C73457D00DD9252 /* PBXTargetDependency */ = {
			isa = PBXTargetDependency;
			target = 4F3508CC2C73457C00DD9252 /* MovieApp */;
			targetProxy = 4F3508EE2C73457D00DD9252 /* PBXContainerItemProxy */;
		};
/* End PBXTargetDependency section */

/* Begin PBXVariantGroup section */
		4F3508D62C73457C00DD9252 /* Main.storyboard */ = {
			isa = PBXVariantGroup;
			children = (
				4F3508D72C73457C00DD9252 /* Base */,
			);
			name = Main.storyboard;
			sourceTree = "<group>";
		};
		4F3508DB2C73457D00DD9252 /* LaunchScreen.storyboard */ = {
			isa = PBXVariantGroup;
			children = (
				4F3508DC2C73457D00DD9252 /* Base */,
			);
			name = LaunchScreen.storyboard;
			sourceTree = "<group>";
		};
/* End PBXVariantGroup section */

/* Begin XCBuildConfiguration section */
		4F3508F52C73457D00DD9252 /* Debug */ = {
			isa = XCBuildConfiguration;
			buildSettings = {
				ALWAYS_SEARCH_USER_PATHS = NO;
				ASSETCATALOG_COMPILER_GENERATE_SWIFT_ASSET_SYMBOL_EXTENSIONS = YES;
				CLANG_ANALYZER_NONNULL = YES;
				CLANG_ANALYZER_NUMBER_OBJECT_CONVERSION = YES_AGGRESSIVE;
				CLANG_CXX_LANGUAGE_STANDARD = "gnu++20";
				CLANG_ENABLE_MODULES = YES;
				CLANG_ENABLE_OBJC_ARC = YES;
				CLANG_ENABLE_OBJC_WEAK = YES;
				CLANG_WARN_BLOCK_CAPTURE_AUTORELEASING = YES;
				CLANG_WARN_BOOL_CONVERSION = YES;
				CLANG_WARN_COMMA = YES;
				CLANG_WARN_CONSTANT_CONVERSION = YES;
				CLANG_WARN_DEPRECATED_OBJC_IMPLEMENTATIONS = YES;
				CLANG_WARN_DIRECT_OBJC_ISA_USAGE = YES_ERROR;
				CLANG_WARN_DOCUMENTATION_COMMENTS = YES;
				CLANG_WARN_EMPTY_BODY = YES;
				CLANG_WARN_ENUM_CONVERSION = YES;
				CLANG_WARN_INFINITE_RECURSION = YES;
				CLANG_WARN_INT_CONVERSION = YES;
				CLANG_WARN_NON_LITERAL_NULL_CONVERSION = YES;
				CLANG_WARN_OBJC_IMPLICIT_RETAIN_SELF = YES;
				CLANG_WARN_OBJC_LITERAL_CONVERSION = YES;
				CLANG_WARN_OBJC_ROOT_CLASS = YES_ERROR;
				CLANG_WARN_QUOTED_INCLUDE_IN_FRAMEWORK_HEADER = YES;
				CLANG_WARN_RANGE_LOOP_ANALYSIS = YES;
				CLANG_WARN_STRICT_PROTOTYPES = YES;
				CLANG_WARN_SUSPICIOUS_MOVE = YES;
				CLANG_WARN_UNGUARDED_AVAILABILITY = YES_AGGRESSIVE;
				CLANG_WARN_UNREACHABLE_CODE = YES;
				CLANG_WARN__DUPLICATE_METHOD_MATCH = YES;
				COPY_PHASE_STRIP = NO;
				DEBUG_INFORMATION_FORMAT = dwarf;
				ENABLE_STRICT_OBJC_MSGSEND = YES;
				ENABLE_TESTABILITY = YES;
				ENABLE_USER_SCRIPT_SANDBOXING = YES;
				GCC_C_LANGUAGE_STANDARD = gnu17;
				GCC_DYNAMIC_NO_PIC = NO;
				GCC_NO_COMMON_BLOCKS = YES;
				GCC_OPTIMIZATION_LEVEL = 0;
				GCC_PREPROCESSOR_DEFINITIONS = (
					"DEBUG=1",
					"$(inherited)",
				);
				GCC_WARN_64_TO_32_BIT_CONVERSION = YES;
				GCC_WARN_ABOUT_RETURN_TYPE = YES_ERROR;
				GCC_WARN_UNDECLARED_SELECTOR = YES;
				GCC_WARN_UNINITIALIZED_AUTOS = YES_AGGRESSIVE;
				GCC_WARN_UNUSED_FUNCTION = YES;
				GCC_WARN_UNUSED_VARIABLE = YES;
				IPHONEOS_DEPLOYMENT_TARGET = 17.5;
				LOCALIZATION_PREFERS_STRING_CATALOGS = YES;
				MTL_ENABLE_DEBUG_INFO = INCLUDE_SOURCE;
				MTL_FAST_MATH = YES;
				ONLY_ACTIVE_ARCH = YES;
				SDKROOT = iphoneos;
				SWIFT_ACTIVE_COMPILATION_CONDITIONS = "DEBUG $(inherited)";
				SWIFT_OPTIMIZATION_LEVEL = "-Onone";
			};
			name = Debug;
		};
		4F3508F62C73457D00DD9252 /* Release */ = {
			isa = XCBuildConfiguration;
			buildSettings = {
				ALWAYS_SEARCH_USER_PATHS = NO;
				ASSETCATALOG_COMPILER_GENERATE_SWIFT_ASSET_SYMBOL_EXTENSIONS = YES;
				CLANG_ANALYZER_NONNULL = YES;
				CLANG_ANALYZER_NUMBER_OBJECT_CONVERSION = YES_AGGRESSIVE;
				CLANG_CXX_LANGUAGE_STANDARD = "gnu++20";
				CLANG_ENABLE_MODULES = YES;
				CLANG_ENABLE_OBJC_ARC = YES;
				CLANG_ENABLE_OBJC_WEAK = YES;
				CLANG_WARN_BLOCK_CAPTURE_AUTORELEASING = YES;
				CLANG_WARN_BOOL_CONVERSION = YES;
				CLANG_WARN_COMMA = YES;
				CLANG_WARN_CONSTANT_CONVERSION = YES;
				CLANG_WARN_DEPRECATED_OBJC_IMPLEMENTATIONS = YES;
				CLANG_WARN_DIRECT_OBJC_ISA_USAGE = YES_ERROR;
				CLANG_WARN_DOCUMENTATION_COMMENTS = YES;
				CLANG_WARN_EMPTY_BODY = YES;
				CLANG_WARN_ENUM_CONVERSION = YES;
				CLANG_WARN_INFINITE_RECURSION = YES;
				CLANG_WARN_INT_CONVERSION = YES;
				CLANG_WARN_NON_LITERAL_NULL_CONVERSION = YES;
				CLANG_WARN_OBJC_IMPLICIT_RETAIN_SELF = YES;
				CLANG_WARN_OBJC_LITERAL_CONVERSION = YES;
				CLANG_WARN_OBJC_ROOT_CLASS = YES_ERROR;
				CLANG_WARN_QUOTED_INCLUDE_IN_FRAMEWORK_HEADER = YES;
				CLANG_WARN_RANGE_LOOP_ANALYSIS = YES;
				CLANG_WARN_STRICT_PROTOTYPES = YES;
				CLANG_WARN_SUSPICIOUS_MOVE = YES;
				CLANG_WARN_UNGUARDED_AVAILABILITY = YES_AGGRESSIVE;
				CLANG_WARN_UNREACHABLE_CODE = YES;
				CLANG_WARN__DUPLICATE_METHOD_MATCH = YES;
				COPY_PHASE_STRIP = NO;
				DEBUG_INFORMATION_FORMAT = "dwarf-with-dsym";
				ENABLE_NS_ASSERTIONS = NO;
				ENABLE_STRICT_OBJC_MSGSEND = YES;
				ENABLE_USER_SCRIPT_SANDBOXING = YES;
				GCC_C_LANGUAGE_STANDARD = gnu17;
				GCC_NO_COMMON_BLOCKS = YES;
				GCC_WARN_64_TO_32_BIT_CONVERSION = YES;
				GCC_WARN_ABOUT_RETURN_TYPE = YES_ERROR;
				GCC_WARN_UNDECLARED_SELECTOR = YES;
				GCC_WARN_UNINITIALIZED_AUTOS = YES_AGGRESSIVE;
				GCC_WARN_UNUSED_FUNCTION = YES;
				GCC_WARN_UNUSED_VARIABLE = YES;
				IPHONEOS_DEPLOYMENT_TARGET = 17.5;
				LOCALIZATION_PREFERS_STRING_CATALOGS = YES;
				MTL_ENABLE_DEBUG_INFO = NO;
				MTL_FAST_MATH = YES;
				SDKROOT = iphoneos;
				SWIFT_COMPILATION_MODE = wholemodule;
				VALIDATE_PRODUCT = YES;
			};
			name = Release;
		};
		4F3508F82C73457D00DD9252 /* Debug */ = {
			isa = XCBuildConfiguration;
			buildSettings = {
				ASSETCATALOG_COMPILER_APPICON_NAME = AppIcon;
				ASSETCATALOG_COMPILER_GLOBAL_ACCENT_COLOR_NAME = AccentColor;
				CODE_SIGN_STYLE = Automatic;
				CURRENT_PROJECT_VERSION = 1;
				DEVELOPMENT_TEAM = 9XP9Q9NGAM;
				GENERATE_INFOPLIST_FILE = YES;
				INFOPLIST_FILE = MovieApp/Info.plist;
				INFOPLIST_KEY_UIApplicationSupportsIndirectInputEvents = YES;
				INFOPLIST_KEY_UILaunchStoryboardName = LaunchScreen;
				INFOPLIST_KEY_UIMainStoryboardFile = Main;
				INFOPLIST_KEY_UISupportedInterfaceOrientations_iPad = "UIInterfaceOrientationPortrait UIInterfaceOrientationPortraitUpsideDown UIInterfaceOrientationLandscapeLeft UIInterfaceOrientationLandscapeRight";
				INFOPLIST_KEY_UISupportedInterfaceOrientations_iPhone = "UIInterfaceOrientationPortrait UIInterfaceOrientationLandscapeLeft UIInterfaceOrientationLandscapeRight";
				LD_RUNPATH_SEARCH_PATHS = (
					"$(inherited)",
					"@executable_path/Frameworks",
				);
				MARKETING_VERSION = 1.0;
				PRODUCT_BUNDLE_IDENTIFIER = com.agmma.MovieApp;
				PRODUCT_NAME = "$(TARGET_NAME)";
				SWIFT_EMIT_LOC_STRINGS = YES;
				SWIFT_VERSION = 5.0;
				TARGETED_DEVICE_FAMILY = "1,2";
			};
			name = Debug;
		};
		4F3508F92C73457D00DD9252 /* Release */ = {
			isa = XCBuildConfiguration;
			buildSettings = {
				ASSETCATALOG_COMPILER_APPICON_NAME = AppIcon;
				ASSETCATALOG_COMPILER_GLOBAL_ACCENT_COLOR_NAME = AccentColor;
				CODE_SIGN_STYLE = Automatic;
				CURRENT_PROJECT_VERSION = 1;
				DEVELOPMENT_TEAM = 9XP9Q9NGAM;
				GENERATE_INFOPLIST_FILE = YES;
				INFOPLIST_FILE = MovieApp/Info.plist;
				INFOPLIST_KEY_UIApplicationSupportsIndirectInputEvents = YES;
				INFOPLIST_KEY_UILaunchStoryboardName = LaunchScreen;
				INFOPLIST_KEY_UIMainStoryboardFile = Main;
				INFOPLIST_KEY_UISupportedInterfaceOrientations_iPad = "UIInterfaceOrientationPortrait UIInterfaceOrientationPortraitUpsideDown UIInterfaceOrientationLandscapeLeft UIInterfaceOrientationLandscapeRight";
				INFOPLIST_KEY_UISupportedInterfaceOrientations_iPhone = "UIInterfaceOrientationPortrait UIInterfaceOrientationLandscapeLeft UIInterfaceOrientationLandscapeRight";
				LD_RUNPATH_SEARCH_PATHS = (
					"$(inherited)",
					"@executable_path/Frameworks",
				);
				MARKETING_VERSION = 1.0;
				PRODUCT_BUNDLE_IDENTIFIER = com.agmma.MovieApp;
				PRODUCT_NAME = "$(TARGET_NAME)";
				SWIFT_EMIT_LOC_STRINGS = YES;
				SWIFT_VERSION = 5.0;
				TARGETED_DEVICE_FAMILY = "1,2";
			};
			name = Release;
		};
		4F3508FB2C73457D00DD9252 /* Debug */ = {
			isa = XCBuildConfiguration;
			buildSettings = {
				ALWAYS_EMBED_SWIFT_STANDARD_LIBRARIES = YES;
				BUNDLE_LOADER = "$(TEST_HOST)";
				CODE_SIGN_STYLE = Automatic;
				CURRENT_PROJECT_VERSION = 1;
				DEVELOPMENT_TEAM = 9XP9Q9NGAM;
				GENERATE_INFOPLIST_FILE = YES;
				IPHONEOS_DEPLOYMENT_TARGET = 17.5;
				MARKETING_VERSION = 1.0;
				PRODUCT_BUNDLE_IDENTIFIER = com.agmma.MovieAppTests;
				PRODUCT_NAME = "$(TARGET_NAME)";
				SWIFT_EMIT_LOC_STRINGS = NO;
				SWIFT_VERSION = 5.0;
				TARGETED_DEVICE_FAMILY = "1,2";
				TEST_HOST = "$(BUILT_PRODUCTS_DIR)/MovieApp.app/$(BUNDLE_EXECUTABLE_FOLDER_PATH)/MovieApp";
			};
			name = Debug;
		};
		4F3508FC2C73457D00DD9252 /* Release */ = {
			isa = XCBuildConfiguration;
			buildSettings = {
				ALWAYS_EMBED_SWIFT_STANDARD_LIBRARIES = YES;
				BUNDLE_LOADER = "$(TEST_HOST)";
				CODE_SIGN_STYLE = Automatic;
				CURRENT_PROJECT_VERSION = 1;
				DEVELOPMENT_TEAM = 9XP9Q9NGAM;
				GENERATE_INFOPLIST_FILE = YES;
				IPHONEOS_DEPLOYMENT_TARGET = 17.5;
				MARKETING_VERSION = 1.0;
				PRODUCT_BUNDLE_IDENTIFIER = com.agmma.MovieAppTests;
				PRODUCT_NAME = "$(TARGET_NAME)";
				SWIFT_EMIT_LOC_STRINGS = NO;
				SWIFT_VERSION = 5.0;
				TARGETED_DEVICE_FAMILY = "1,2";
				TEST_HOST = "$(BUILT_PRODUCTS_DIR)/MovieApp.app/$(BUNDLE_EXECUTABLE_FOLDER_PATH)/MovieApp";
			};
			name = Release;
		};
		4F3508FE2C73457D00DD9252 /* Debug */ = {
			isa = XCBuildConfiguration;
			buildSettings = {
				ALWAYS_EMBED_SWIFT_STANDARD_LIBRARIES = YES;
				CODE_SIGN_STYLE = Automatic;
				CURRENT_PROJECT_VERSION = 1;
				DEVELOPMENT_TEAM = 9XP9Q9NGAM;
				GENERATE_INFOPLIST_FILE = YES;
				MARKETING_VERSION = 1.0;
				PRODUCT_BUNDLE_IDENTIFIER = com.agmma.MovieAppUITests;
				PRODUCT_NAME = "$(TARGET_NAME)";
				SWIFT_EMIT_LOC_STRINGS = NO;
				SWIFT_VERSION = 5.0;
				TARGETED_DEVICE_FAMILY = "1,2";
				TEST_TARGET_NAME = MovieApp;
			};
			name = Debug;
		};
		4F3508FF2C73457D00DD9252 /* Release */ = {
			isa = XCBuildConfiguration;
			buildSettings = {
				ALWAYS_EMBED_SWIFT_STANDARD_LIBRARIES = YES;
				CODE_SIGN_STYLE = Automatic;
				CURRENT_PROJECT_VERSION = 1;
				DEVELOPMENT_TEAM = 9XP9Q9NGAM;
				GENERATE_INFOPLIST_FILE = YES;
				MARKETING_VERSION = 1.0;
				PRODUCT_BUNDLE_IDENTIFIER = com.agmma.MovieAppUITests;
				PRODUCT_NAME = "$(TARGET_NAME)";
				SWIFT_EMIT_LOC_STRINGS = NO;
				SWIFT_VERSION = 5.0;
				TARGETED_DEVICE_FAMILY = "1,2";
				TEST_TARGET_NAME = MovieApp;
			};
			name = Release;
		};
/* End XCBuildConfiguration section */

/* Begin XCConfigurationList section */
		4F3508C82C73457C00DD9252 /* Build configuration list for PBXProject "MovieApp" */ = {
			isa = XCConfigurationList;
			buildConfigurations = (
				4F3508F52C73457D00DD9252 /* Debug */,
				4F3508F62C73457D00DD9252 /* Release */,
			);
			defaultConfigurationIsVisible = 0;
			defaultConfigurationName = Release;
		};
		4F3508F72C73457D00DD9252 /* Build configuration list for PBXNativeTarget "MovieApp" */ = {
			isa = XCConfigurationList;
			buildConfigurations = (
				4F3508F82C73457D00DD9252 /* Debug */,
				4F3508F92C73457D00DD9252 /* Release */,
			);
			defaultConfigurationIsVisible = 0;
			defaultConfigurationName = Release;
		};
		4F3508FA2C73457D00DD9252 /* Build configuration list for PBXNativeTarget "MovieAppTests" */ = {
			isa = XCConfigurationList;
			buildConfigurations = (
				4F3508FB2C73457D00DD9252 /* Debug */,
				4F3508FC2C73457D00DD9252 /* Release */,
			);
			defaultConfigurationIsVisible = 0;
			defaultConfigurationName = Release;
		};
		4F3508FD2C73457D00DD9252 /* Build configuration list for PBXNativeTarget "MovieAppUITests" */ = {
			isa = XCConfigurationList;
			buildConfigurations = (
				4F3508FE2C73457D00DD9252 /* Debug */,
				4F3508FF2C73457D00DD9252 /* Release */,
			);
			defaultConfigurationIsVisible = 0;
			defaultConfigurationName = Release;
		};
/* End XCConfigurationList section */
	};
	rootObject = 4F3508C52C73457C00DD9252 /* Project object */;
}
