// !$*UTF8*$!
{
	archiveVersion = 1;
	classes = {
	};
	objectVersion = 56;
	objects = {

/* Begin PBXBuildFile section */
		4F9FF4BE2BEA4D730097204D /* DetailVC.swift in Sources */ = {isa = PBXBuildFile; fileRef = 4F9FF4BD2BEA4D730097204D /* DetailVC.swift */; };
		4FA4C4F82BE245780051E5FB /* AppDelegate.swift in Sources */ = {isa = PBXBuildFile; fileRef = 4FA4C4F72BE245780051E5FB /* AppDelegate.swift */; };
		4FA4C4FA2BE245780051E5FB /* SceneDelegate.swift in Sources */ = {isa = PBXBuildFile; fileRef = 4FA4C4F92BE245780051E5FB /* SceneDelegate.swift */; };
		4FA4C4FC2BE245780051E5FB /* ViewController.swift in Sources */ = {isa = PBXBuildFile; fileRef = 4FA4C4FB2BE245780051E5FB /* ViewController.swift */; };
		4FA4C4FF2BE245780051E5FB /* Main.storyboard in Resources */ = {isa = PBXBuildFile; fileRef = 4FA4C4FD2BE245780051E5FB /* Main.storyboard */; };
		4FA4C5012BE245790051E5FB /* Assets.xcassets in Resources */ = {isa = PBXBuildFile; fileRef = 4FA4C5002BE245790051E5FB /* Assets.xcassets */; };
		4FA4C5042BE245790051E5FB /* LaunchScreen.storyboard in Resources */ = {isa = PBXBuildFile; fileRef = 4FA4C5022BE245790051E5FB /* LaunchScreen.storyboard */; };
		4FA4C50F2BE245790051E5FB /* firstTests.swift in Sources */ = {isa = PBXBuildFile; fileRef = 4FA4C50E2BE245790051E5FB /* firstTests.swift */; };
		4FA4C5192BE245790051E5FB /* firstUITests.swift in Sources */ = {isa = PBXBuildFile; fileRef = 4FA4C5182BE245790051E5FB /* firstUITests.swift */; };
		4FA4C51B2BE245790051E5FB /* firstUITestsLaunchTests.swift in Sources */ = {isa = PBXBuildFile; fileRef = 4FA4C51A2BE245790051E5FB /* firstUITestsLaunchTests.swift */; };
/* End PBXBuildFile section */

/* Begin PBXContainerItemProxy section */
		4FA4C50B2BE245790051E5FB /* PBXContainerItemProxy */ = {
			isa = PBXContainerItemProxy;
			containerPortal = 4FA4C4EC2BE245780051E5FB /* Project object */;
			proxyType = 1;
			remoteGlobalIDString = 4FA4C4F32BE245780051E5FB;
			remoteInfo = first;
		};
		4FA4C5152BE245790051E5FB /* PBXContainerItemProxy */ = {
			isa = PBXContainerItemProxy;
			containerPortal = 4FA4C4EC2BE245780051E5FB /* Project object */;
			proxyType = 1;
			remoteGlobalIDString = 4FA4C4F32BE245780051E5FB;
			remoteInfo = first;
		};
/* End PBXContainerItemProxy section */

/* Begin PBXFileReference section */
		4F9FF4BD2BEA4D730097204D /* DetailVC.swift */ = {isa = PBXFileReference; lastKnownFileType = sourcecode.swift; path = DetailVC.swift; sourceTree = "<group>"; };
		4FA4C4F42BE245780051E5FB /* first.app */ = {isa = PBXFileReference; explicitFileType = wrapper.application; includeInIndex = 0; path = first.app; sourceTree = BUILT_PRODUCTS_DIR; };
		4FA4C4F72BE245780051E5FB /* AppDelegate.swift */ = {isa = PBXFileReference; lastKnownFileType = sourcecode.swift; path = AppDelegate.swift; sourceTree = "<group>"; };
		4FA4C4F92BE245780051E5FB /* SceneDelegate.swift */ = {isa = PBXFileReference; lastKnownFileType = sourcecode.swift; path = SceneDelegate.swift; sourceTree = "<group>"; };
		4FA4C4FB2BE245780051E5FB /* ViewController.swift */ = {isa = PBXFileReference; lastKnownFileType = sourcecode.swift; path = ViewController.swift; sourceTree = "<group>"; };
		4FA4C4FE2BE245780051E5FB /* Base */ = {isa = PBXFileReference; lastKnownFileType = file.storyboard; name = Base; path = Base.lproj/Main.storyboard; sourceTree = "<group>"; };
		4FA4C5002BE245790051E5FB /* Assets.xcassets */ = {isa = PBXFileReference; lastKnownFileType = folder.assetcatalog; path = Assets.xcassets; sourceTree = "<group>"; };
		4FA4C5032BE245790051E5FB /* Base */ = {isa = PBXFileReference; lastKnownFileType = file.storyboard; name = Base; path = Base.lproj/LaunchScreen.storyboard; sourceTree = "<group>"; };
		4FA4C5052BE245790051E5FB /* Info.plist */ = {isa = PBXFileReference; lastKnownFileType = text.plist.xml; path = Info.plist; sourceTree = "<group>"; };
		4FA4C50A2BE245790051E5FB /* firstTests.xctest */ = {isa = PBXFileReference; explicitFileType = wrapper.cfbundle; includeInIndex = 0; path = firstTests.xctest; sourceTree = BUILT_PRODUCTS_DIR; };
		4FA4C50E2BE245790051E5FB /* firstTests.swift */ = {isa = PBXFileReference; lastKnownFileType = sourcecode.swift; path = firstTests.swift; sourceTree = "<group>"; };
		4FA4C5142BE245790051E5FB /* firstUITests.xctest */ = {isa = PBXFileReference; explicitFileType = wrapper.cfbundle; includeInIndex = 0; path = firstUITests.xctest; sourceTree = BUILT_PRODUCTS_DIR; };
		4FA4C5182BE245790051E5FB /* firstUITests.swift */ = {isa = PBXFileReference; lastKnownFileType = sourcecode.swift; path = firstUITests.swift; sourceTree = "<group>"; };
		4FA4C51A2BE245790051E5FB /* firstUITestsLaunchTests.swift */ = {isa = PBXFileReference; lastKnownFileType = sourcecode.swift; path = firstUITestsLaunchTests.swift; sourceTree = "<group>"; };
/* End PBXFileReference section */

/* Begin PBXFrameworksBuildPhase section */
		4FA4C4F12BE245780051E5FB /* Frameworks */ = {
			isa = PBXFrameworksBuildPhase;
			buildActionMask = 2147483647;
			files = (
			);
			runOnlyForDeploymentPostprocessing = 0;
		};
		4FA4C5072BE245790051E5FB /* Frameworks */ = {
			isa = PBXFrameworksBuildPhase;
			buildActionMask = 2147483647;
			files = (
			);
			runOnlyForDeploymentPostprocessing = 0;
		};
		4FA4C5112BE245790051E5FB /* Frameworks */ = {
			isa = PBXFrameworksBuildPhase;
			buildActionMask = 2147483647;
			files = (
			);
			runOnlyForDeploymentPostprocessing = 0;
		};
/* End PBXFrameworksBuildPhase section */

/* Begin PBXGroup section */
		4FA4C4EB2BE245780051E5FB = {
			isa = PBXGroup;
			children = (
				4FA4C4F62BE245780051E5FB /* first */,
				4FA4C50D2BE245790051E5FB /* firstTests */,
				4FA4C5172BE245790051E5FB /* firstUITests */,
				4FA4C4F52BE245780051E5FB /* Products */,
			);
			sourceTree = "<group>";
		};
		4FA4C4F52BE245780051E5FB /* Products */ = {
			isa = PBXGroup;
			children = (
				4FA4C4F42BE245780051E5FB /* first.app */,
				4FA4C50A2BE245790051E5FB /* firstTests.xctest */,
				4FA4C5142BE245790051E5FB /* firstUITests.xctest */,
			);
			name = Products;
			sourceTree = "<group>";
		};
		4FA4C4F62BE245780051E5FB /* first */ = {
			isa = PBXGroup;
			children = (
				4FA4C4F72BE245780051E5FB /* AppDelegate.swift */,
				4FA4C4F92BE245780051E5FB /* SceneDelegate.swift */,
				4FA4C4FB2BE245780051E5FB /* ViewController.swift */,
				4F9FF4BD2BEA4D730097204D /* DetailVC.swift */,
				4FA4C4FD2BE245780051E5FB /* Main.storyboard */,
				4FA4C5002BE245790051E5FB /* Assets.xcassets */,
				4FA4C5022BE245790051E5FB /* LaunchScreen.storyboard */,
				4FA4C5052BE245790051E5FB /* Info.plist */,
			);
			path = first;
			sourceTree = "<group>";
		};
		4FA4C50D2BE245790051E5FB /* firstTests */ = {
			isa = PBXGroup;
			children = (
				4FA4C50E2BE245790051E5FB /* firstTests.swift */,
			);
			path = firstTests;
			sourceTree = "<group>";
		};
		4FA4C5172BE245790051E5FB /* firstUITests */ = {
			isa = PBXGroup;
			children = (
				4FA4C5182BE245790051E5FB /* firstUITests.swift */,
				4FA4C51A2BE245790051E5FB /* firstUITestsLaunchTests.swift */,
			);
			path = firstUITests;
			sourceTree = "<group>";
		};
/* End PBXGroup section */

/* Begin PBXNativeTarget section */
		4FA4C4F32BE245780051E5FB /* first */ = {
			isa = PBXNativeTarget;
			buildConfigurationList = 4FA4C51E2BE245790051E5FB /* Build configuration list for PBXNativeTarget "first" */;
			buildPhases = (
				4FA4C4F02BE245780051E5FB /* Sources */,
				4FA4C4F12BE245780051E5FB /* Frameworks */,
				4FA4C4F22BE245780051E5FB /* Resources */,
			);
			buildRules = (
			);
			dependencies = (
			);
			name = first;
			productName = first;
			productReference = 4FA4C4F42BE245780051E5FB /* first.app */;
			productType = "com.apple.product-type.application";
		};
		4FA4C5092BE245790051E5FB /* firstTests */ = {
			isa = PBXNativeTarget;
			buildConfigurationList = 4FA4C5212BE245790051E5FB /* Build configuration list for PBXNativeTarget "firstTests" */;
			buildPhases = (
				4FA4C5062BE245790051E5FB /* Sources */,
				4FA4C5072BE245790051E5FB /* Frameworks */,
				4FA4C5082BE245790051E5FB /* Resources */,
			);
			buildRules = (
			);
			dependencies = (
				4FA4C50C2BE245790051E5FB /* PBXTargetDependency */,
			);
			name = firstTests;
			productName = firstTests;
			productReference = 4FA4C50A2BE245790051E5FB /* firstTests.xctest */;
			productType = "com.apple.product-type.bundle.unit-test";
		};
		4FA4C5132BE245790051E5FB /* firstUITests */ = {
			isa = PBXNativeTarget;
			buildConfigurationList = 4FA4C5242BE245790051E5FB /* Build configuration list for PBXNativeTarget "firstUITests" */;
			buildPhases = (
				4FA4C5102BE245790051E5FB /* Sources */,
				4FA4C5112BE245790051E5FB /* Frameworks */,
				4FA4C5122BE245790051E5FB /* Resources */,
			);
			buildRules = (
			);
			dependencies = (
				4FA4C5162BE245790051E5FB /* PBXTargetDependency */,
			);
			name = firstUITests;
			productName = firstUITests;
			productReference = 4FA4C5142BE245790051E5FB /* firstUITests.xctest */;
			productType = "com.apple.product-type.bundle.ui-testing";
		};
/* End PBXNativeTarget section */

/* Begin PBXProject section */
		4FA4C4EC2BE245780051E5FB /* Project object */ = {
			isa = PBXProject;
			attributes = {
				BuildIndependentTargetsInParallel = 1;
				LastSwiftUpdateCheck = 1520;
				LastUpgradeCheck = 1520;
				TargetAttributes = {
					4FA4C4F32BE245780051E5FB = {
						CreatedOnToolsVersion = 15.2;
					};
					4FA4C5092BE245790051E5FB = {
						CreatedOnToolsVersion = 15.2;
						TestTargetID = 4FA4C4F32BE245780051E5FB;
					};
					4FA4C5132BE245790051E5FB = {
						CreatedOnToolsVersion = 15.2;
						TestTargetID = 4FA4C4F32BE245780051E5FB;
					};
				};
			};
			buildConfigurationList = 4FA4C4EF2BE245780051E5FB /* Build configuration list for PBXProject "first" */;
			compatibilityVersion = "Xcode 14.0";
			developmentRegion = en;
			hasScannedForEncodings = 0;
			knownRegions = (
				en,
				Base,
			);
			mainGroup = 4FA4C4EB2BE245780051E5FB;
			productRefGroup = 4FA4C4F52BE245780051E5FB /* Products */;
			projectDirPath = "";
			projectRoot = "";
			targets = (
				4FA4C4F32BE245780051E5FB /* first */,
				4FA4C5092BE245790051E5FB /* firstTests */,
				4FA4C5132BE245790051E5FB /* firstUITests */,
			);
		};
/* End PBXProject section */

/* Begin PBXResourcesBuildPhase section */
		4FA4C4F22BE245780051E5FB /* Resources */ = {
			isa = PBXResourcesBuildPhase;
			buildActionMask = 2147483647;
			files = (
				4FA4C5042BE245790051E5FB /* LaunchScreen.storyboard in Resources */,
				4FA4C5012BE245790051E5FB /* Assets.xcassets in Resources */,
				4FA4C4FF2BE245780051E5FB /* Main.storyboard in Resources */,
			);
			runOnlyForDeploymentPostprocessing = 0;
		};
		4FA4C5082BE245790051E5FB /* Resources */ = {
			isa = PBXResourcesBuildPhase;
			buildActionMask = 2147483647;
			files = (
			);
			runOnlyForDeploymentPostprocessing = 0;
		};
		4FA4C5122BE245790051E5FB /* Resources */ = {
			isa = PBXResourcesBuildPhase;
			buildActionMask = 2147483647;
			files = (
			);
			runOnlyForDeploymentPostprocessing = 0;
		};
/* End PBXResourcesBuildPhase section */

/* Begin PBXSourcesBuildPhase section */
		4FA4C4F02BE245780051E5FB /* Sources */ = {
			isa = PBXSourcesBuildPhase;
			buildActionMask = 2147483647;
			files = (
				4FA4C4FC2BE245780051E5FB /* ViewController.swift in Sources */,
				4F9FF4BE2BEA4D730097204D /* DetailVC.swift in Sources */,
				4FA4C4F82BE245780051E5FB /* AppDelegate.swift in Sources */,
				4FA4C4FA2BE245780051E5FB /* SceneDelegate.swift in Sources */,
			);
			runOnlyForDeploymentPostprocessing = 0;
		};
		4FA4C5062BE245790051E5FB /* Sources */ = {
			isa = PBXSourcesBuildPhase;
			buildActionMask = 2147483647;
			files = (
				4FA4C50F2BE245790051E5FB /* firstTests.swift in Sources */,
			);
			runOnlyForDeploymentPostprocessing = 0;
		};
		4FA4C5102BE245790051E5FB /* Sources */ = {
			isa = PBXSourcesBuildPhase;
			buildActionMask = 2147483647;
			files = (
				4FA4C5192BE245790051E5FB /* firstUITests.swift in Sources */,
				4FA4C51B2BE245790051E5FB /* firstUITestsLaunchTests.swift in Sources */,
			);
			runOnlyForDeploymentPostprocessing = 0;
		};
/* End PBXSourcesBuildPhase section */

/* Begin PBXTargetDependency section */
		4FA4C50C2BE245790051E5FB /* PBXTargetDependency */ = {
			isa = PBXTargetDependency;
			target = 4FA4C4F32BE245780051E5FB /* first */;
			targetProxy = 4FA4C50B2BE245790051E5FB /* PBXContainerItemProxy */;
		};
		4FA4C5162BE245790051E5FB /* PBXTargetDependency */ = {
			isa = PBXTargetDependency;
			target = 4FA4C4F32BE245780051E5FB /* first */;
			targetProxy = 4FA4C5152BE245790051E5FB /* PBXContainerItemProxy */;
		};
/* End PBXTargetDependency section */

/* Begin PBXVariantGroup section */
		4FA4C4FD2BE245780051E5FB /* Main.storyboard */ = {
			isa = PBXVariantGroup;
			children = (
				4FA4C4FE2BE245780051E5FB /* Base */,
			);
			name = Main.storyboard;
			sourceTree = "<group>";
		};
		4FA4C5022BE245790051E5FB /* LaunchScreen.storyboard */ = {
			isa = PBXVariantGroup;
			children = (
				4FA4C5032BE245790051E5FB /* Base */,
			);
			name = LaunchScreen.storyboard;
			sourceTree = "<group>";
		};
/* End PBXVariantGroup section */

/* Begin XCBuildConfiguration section */
		4FA4C51C2BE245790051E5FB /* Debug */ = {
			isa = XCBuildConfiguration;
			buildSettings = {
				ALWAYS_SEARCH_USER_PATHS = NO;
				ASSETCATALOG_COMPILER_GENERATE_SWIFT_ASSET_SYMBOL_EXTENSIONS = YES;
				CLANG_ANALYZER_NONNULL = YES;
				CLANG_ANALYZER_NUMBER_OBJECT_CONVERSION = YES_AGGRESSIVE;
				CLANG_CXX_LANGUAGE_STANDARD = "gnu++20";
				CLANG_ENABLE_MODULES = YES;
				CLANG_ENABLE_OBJC_ARC = YES;
				CLANG_ENABLE_OBJC_WEAK = YES;
				CLANG_WARN_BLOCK_CAPTURE_AUTORELEASING = YES;
				CLANG_WARN_BOOL_CONVERSION = YES;
				CLANG_WARN_COMMA = YES;
				CLANG_WARN_CONSTANT_CONVERSION = YES;
				CLANG_WARN_DEPRECATED_OBJC_IMPLEMENTATIONS = YES;
				CLANG_WARN_DIRECT_OBJC_ISA_USAGE = YES_ERROR;
				CLANG_WARN_DOCUMENTATION_COMMENTS = YES;
				CLANG_WARN_EMPTY_BODY = YES;
				CLANG_WARN_ENUM_CONVERSION = YES;
				CLANG_WARN_INFINITE_RECURSION = YES;
				CLANG_WARN_INT_CONVERSION = YES;
				CLANG_WARN_NON_LITERAL_NULL_CONVERSION = YES;
				CLANG_WARN_OBJC_IMPLICIT_RETAIN_SELF = YES;
				CLANG_WARN_OBJC_LITERAL_CONVERSION = YES;
				CLANG_WARN_OBJC_ROOT_CLASS = YES_ERROR;
				CLANG_WARN_QUOTED_INCLUDE_IN_FRAMEWORK_HEADER = YES;
				CLANG_WARN_RANGE_LOOP_ANALYSIS = YES;
				CLANG_WARN_STRICT_PROTOTYPES = YES;
				CLANG_WARN_SUSPICIOUS_MOVE = YES;
				CLANG_WARN_UNGUARDED_AVAILABILITY = YES_AGGRESSIVE;
				CLANG_WARN_UNREACHABLE_CODE = YES;
				CLANG_WARN__DUPLICATE_METHOD_MATCH = YES;
				COPY_PHASE_STRIP = NO;
				DEBUG_INFORMATION_FORMAT = dwarf;
				ENABLE_STRICT_OBJC_MSGSEND = YES;
				ENABLE_TESTABILITY = YES;
				ENABLE_USER_SCRIPT_SANDBOXING = YES;
				GCC_C_LANGUAGE_STANDARD = gnu17;
				GCC_DYNAMIC_NO_PIC = NO;
				GCC_NO_COMMON_BLOCKS = YES;
				GCC_OPTIMIZATION_LEVEL = 0;
				GCC_PREPROCESSOR_DEFINITIONS = (
					"DEBUG=1",
					"$(inherited)",
				);
				GCC_WARN_64_TO_32_BIT_CONVERSION = YES;
				GCC_WARN_ABOUT_RETURN_TYPE = YES_ERROR;
				GCC_WARN_UNDECLARED_SELECTOR = YES;
				GCC_WARN_UNINITIALIZED_AUTOS = YES_AGGRESSIVE;
				GCC_WARN_UNUSED_FUNCTION = YES;
				GCC_WARN_UNUSED_VARIABLE = YES;
				IPHONEOS_DEPLOYMENT_TARGET = 17.2;
				LOCALIZATION_PREFERS_STRING_CATALOGS = YES;
				MTL_ENABLE_DEBUG_INFO = INCLUDE_SOURCE;
				MTL_FAST_MATH = YES;
				ONLY_ACTIVE_ARCH = YES;
				SDKROOT = iphoneos;
				SWIFT_ACTIVE_COMPILATION_CONDITIONS = "DEBUG $(inherited)";
				SWIFT_OPTIMIZATION_LEVEL = "-Onone";
			};
			name = Debug;
		};
		4FA4C51D2BE245790051E5FB /* Release */ = {
			isa = XCBuildConfiguration;
			buildSettings = {
				ALWAYS_SEARCH_USER_PATHS = NO;
				ASSETCATALOG_COMPILER_GENERATE_SWIFT_ASSET_SYMBOL_EXTENSIONS = YES;
				CLANG_ANALYZER_NONNULL = YES;
				CLANG_ANALYZER_NUMBER_OBJECT_CONVERSION = YES_AGGRESSIVE;
				CLANG_CXX_LANGUAGE_STANDARD = "gnu++20";
				CLANG_ENABLE_MODULES = YES;
				CLANG_ENABLE_OBJC_ARC = YES;
				CLANG_ENABLE_OBJC_WEAK = YES;
				CLANG_WARN_BLOCK_CAPTURE_AUTORELEASING = YES;
				CLANG_WARN_BOOL_CONVERSION = YES;
				CLANG_WARN_COMMA = YES;
				CLANG_WARN_CONSTANT_CONVERSION = YES;
				CLANG_WARN_DEPRECATED_OBJC_IMPLEMENTATIONS = YES;
				CLANG_WARN_DIRECT_OBJC_ISA_USAGE = YES_ERROR;
				CLANG_WARN_DOCUMENTATION_COMMENTS = YES;
				CLANG_WARN_EMPTY_BODY = YES;
				CLANG_WARN_ENUM_CONVERSION = YES;
				CLANG_WARN_INFINITE_RECURSION = YES;
				CLANG_WARN_INT_CONVERSION = YES;
				CLANG_WARN_NON_LITERAL_NULL_CONVERSION = YES;
				CLANG_WARN_OBJC_IMPLICIT_RETAIN_SELF = YES;
				CLANG_WARN_OBJC_LITERAL_CONVERSION = YES;
				CLANG_WARN_OBJC_ROOT_CLASS = YES_ERROR;
				CLANG_WARN_QUOTED_INCLUDE_IN_FRAMEWORK_HEADER = YES;
				CLANG_WARN_RANGE_LOOP_ANALYSIS = YES;
				CLANG_WARN_STRICT_PROTOTYPES = YES;
				CLANG_WARN_SUSPICIOUS_MOVE = YES;
				CLANG_WARN_UNGUARDED_AVAILABILITY = YES_AGGRESSIVE;
				CLANG_WARN_UNREACHABLE_CODE = YES;
				CLANG_WARN__DUPLICATE_METHOD_MATCH = YES;
				COPY_PHASE_STRIP = NO;
				DEBUG_INFORMATION_FORMAT = "dwarf-with-dsym";
				ENABLE_NS_ASSERTIONS = NO;
				ENABLE_STRICT_OBJC_MSGSEND = YES;
				ENABLE_USER_SCRIPT_SANDBOXING = YES;
				GCC_C_LANGUAGE_STANDARD = gnu17;
				GCC_NO_COMMON_BLOCKS = YES;
				GCC_WARN_64_TO_32_BIT_CONVERSION = YES;
				GCC_WARN_ABOUT_RETURN_TYPE = YES_ERROR;
				GCC_WARN_UNDECLARED_SELECTOR = YES;
				GCC_WARN_UNINITIALIZED_AUTOS = YES_AGGRESSIVE;
				GCC_WARN_UNUSED_FUNCTION = YES;
				GCC_WARN_UNUSED_VARIABLE = YES;
				IPHONEOS_DEPLOYMENT_TARGET = 17.2;
				LOCALIZATION_PREFERS_STRING_CATALOGS = YES;
				MTL_ENABLE_DEBUG_INFO = NO;
				MTL_FAST_MATH = YES;
				SDKROOT = iphoneos;
				SWIFT_COMPILATION_MODE = wholemodule;
				VALIDATE_PRODUCT = YES;
			};
			name = Release;
		};
		4FA4C51F2BE245790051E5FB /* Debug */ = {
			isa = XCBuildConfiguration;
			buildSettings = {
				ASSETCATALOG_COMPILER_APPICON_NAME = AppIcon;
				ASSETCATALOG_COMPILER_GLOBAL_ACCENT_COLOR_NAME = AccentColor;
				CODE_SIGN_STYLE = Automatic;
				CURRENT_PROJECT_VERSION = 1;
				GENERATE_INFOPLIST_FILE = YES;
				INFOPLIST_FILE = first/Info.plist;
				INFOPLIST_KEY_UIApplicationSupportsIndirectInputEvents = YES;
				INFOPLIST_KEY_UILaunchStoryboardName = LaunchScreen;
				INFOPLIST_KEY_UIMainStoryboardFile = Main;
				INFOPLIST_KEY_UIStatusBarStyle = "";
				INFOPLIST_KEY_UISupportedInterfaceOrientations_iPad = "UIInterfaceOrientationPortrait UIInterfaceOrientationPortraitUpsideDown UIInterfaceOrientationLandscapeLeft UIInterfaceOrientationLandscapeRight";
				INFOPLIST_KEY_UISupportedInterfaceOrientations_iPhone = "UIInterfaceOrientationPortrait UIInterfaceOrientationLandscapeLeft UIInterfaceOrientationLandscapeRight";
				IPHONEOS_DEPLOYMENT_TARGET = 14.0;
				LD_RUNPATH_SEARCH_PATHS = (
					"$(inherited)",
					"@executable_path/Frameworks",
				);
				MARKETING_VERSION = 1.0;
				PRODUCT_BUNDLE_IDENTIFIER = asd.first;
				PRODUCT_NAME = "$(TARGET_NAME)";
				SUPPORTED_PLATFORMS = "iphoneos iphonesimulator";
				SUPPORTS_MACCATALYST = NO;
				SUPPORTS_MAC_DESIGNED_FOR_IPHONE_IPAD = NO;
				SUPPORTS_XR_DESIGNED_FOR_IPHONE_IPAD = NO;
				SWIFT_EMIT_LOC_STRINGS = YES;
				SWIFT_VERSION = 5.0;
				TARGETED_DEVICE_FAMILY = 1;
			};
			name = Debug;
		};
		4FA4C5202BE245790051E5FB /* Release */ = {
			isa = XCBuildConfiguration;
			buildSettings = {
				ASSETCATALOG_COMPILER_APPICON_NAME = AppIcon;
				ASSETCATALOG_COMPILER_GLOBAL_ACCENT_COLOR_NAME = AccentColor;
				CODE_SIGN_STYLE = Automatic;
				CURRENT_PROJECT_VERSION = 1;
				GENERATE_INFOPLIST_FILE = YES;
				INFOPLIST_FILE = first/Info.plist;
				INFOPLIST_KEY_UIApplicationSupportsIndirectInputEvents = YES;
				INFOPLIST_KEY_UILaunchStoryboardName = LaunchScreen;
				INFOPLIST_KEY_UIMainStoryboardFile = Main;
				INFOPLIST_KEY_UIStatusBarStyle = "";
				INFOPLIST_KEY_UISupportedInterfaceOrientations_iPad = "UIInterfaceOrientationPortrait UIInterfaceOrientationPortraitUpsideDown UIInterfaceOrientationLandscapeLeft UIInterfaceOrientationLandscapeRight";
				INFOPLIST_KEY_UISupportedInterfaceOrientations_iPhone = "UIInterfaceOrientationPortrait UIInterfaceOrientationLandscapeLeft UIInterfaceOrientationLandscapeRight";
				IPHONEOS_DEPLOYMENT_TARGET = 14.0;
				LD_RUNPATH_SEARCH_PATHS = (
					"$(inherited)",
					"@executable_path/Frameworks",
				);
				MARKETING_VERSION = 1.0;
				PRODUCT_BUNDLE_IDENTIFIER = asd.first;
				PRODUCT_NAME = "$(TARGET_NAME)";
				SUPPORTED_PLATFORMS = "iphoneos iphonesimulator";
				SUPPORTS_MACCATALYST = NO;
				SUPPORTS_MAC_DESIGNED_FOR_IPHONE_IPAD = NO;
				SUPPORTS_XR_DESIGNED_FOR_IPHONE_IPAD = NO;
				SWIFT_EMIT_LOC_STRINGS = YES;
				SWIFT_VERSION = 5.0;
				TARGETED_DEVICE_FAMILY = 1;
			};
			name = Release;
		};
		4FA4C5222BE245790051E5FB /* Debug */ = {
			isa = XCBuildConfiguration;
			buildSettings = {
				ALWAYS_EMBED_SWIFT_STANDARD_LIBRARIES = YES;
				BUNDLE_LOADER = "$(TEST_HOST)";
				CODE_SIGN_STYLE = Automatic;
				CURRENT_PROJECT_VERSION = 1;
				GENERATE_INFOPLIST_FILE = YES;
				IPHONEOS_DEPLOYMENT_TARGET = 17.2;
				MARKETING_VERSION = 1.0;
				PRODUCT_BUNDLE_IDENTIFIER = asd.firstTests;
				PRODUCT_NAME = "$(TARGET_NAME)";
				SWIFT_EMIT_LOC_STRINGS = NO;
				SWIFT_VERSION = 5.0;
				TARGETED_DEVICE_FAMILY = "1,2";
				TEST_HOST = "$(BUILT_PRODUCTS_DIR)/first.app/$(BUNDLE_EXECUTABLE_FOLDER_PATH)/first";
			};
			name = Debug;
		};
		4FA4C5232BE245790051E5FB /* Release */ = {
			isa = XCBuildConfiguration;
			buildSettings = {
				ALWAYS_EMBED_SWIFT_STANDARD_LIBRARIES = YES;
				BUNDLE_LOADER = "$(TEST_HOST)";
				CODE_SIGN_STYLE = Automatic;
				CURRENT_PROJECT_VERSION = 1;
				GENERATE_INFOPLIST_FILE = YES;
				IPHONEOS_DEPLOYMENT_TARGET = 17.2;
				MARKETING_VERSION = 1.0;
				PRODUCT_BUNDLE_IDENTIFIER = asd.firstTests;
				PRODUCT_NAME = "$(TARGET_NAME)";
				SWIFT_EMIT_LOC_STRINGS = NO;
				SWIFT_VERSION = 5.0;
				TARGETED_DEVICE_FAMILY = "1,2";
				TEST_HOST = "$(BUILT_PRODUCTS_DIR)/first.app/$(BUNDLE_EXECUTABLE_FOLDER_PATH)/first";
			};
			name = Release;
		};
		4FA4C5252BE245790051E5FB /* Debug */ = {
			isa = XCBuildConfiguration;
			buildSettings = {
				ALWAYS_EMBED_SWIFT_STANDARD_LIBRARIES = YES;
				CODE_SIGN_STYLE = Automatic;
				CURRENT_PROJECT_VERSION = 1;
				GENERATE_INFOPLIST_FILE = YES;
				MARKETING_VERSION = 1.0;
				PRODUCT_BUNDLE_IDENTIFIER = asd.firstUITests;
				PRODUCT_NAME = "$(TARGET_NAME)";
				SWIFT_EMIT_LOC_STRINGS = NO;
				SWIFT_VERSION = 5.0;
				TARGETED_DEVICE_FAMILY = "1,2";
				TEST_TARGET_NAME = first;
			};
			name = Debug;
		};
		4FA4C5262BE245790051E5FB /* Release */ = {
			isa = XCBuildConfiguration;
			buildSettings = {
				ALWAYS_EMBED_SWIFT_STANDARD_LIBRARIES = YES;
				CODE_SIGN_STYLE = Automatic;
				CURRENT_PROJECT_VERSION = 1;
				GENERATE_INFOPLIST_FILE = YES;
				MARKETING_VERSION = 1.0;
				PRODUCT_BUNDLE_IDENTIFIER = asd.firstUITests;
				PRODUCT_NAME = "$(TARGET_NAME)";
				SWIFT_EMIT_LOC_STRINGS = NO;
				SWIFT_VERSION = 5.0;
				TARGETED_DEVICE_FAMILY = "1,2";
				TEST_TARGET_NAME = first;
			};
			name = Release;
		};
/* End XCBuildConfiguration section */

/* Begin XCConfigurationList section */
		4FA4C4EF2BE245780051E5FB /* Build configuration list for PBXProject "first" */ = {
			isa = XCConfigurationList;
			buildConfigurations = (
				4FA4C51C2BE245790051E5FB /* Debug */,
				4FA4C51D2BE245790051E5FB /* Release */,
			);
			defaultConfigurationIsVisible = 0;
			defaultConfigurationName = Release;
		};
		4FA4C51E2BE245790051E5FB /* Build configuration list for PBXNativeTarget "first" */ = {
			isa = XCConfigurationList;
			buildConfigurations = (
				4FA4C51F2BE245790051E5FB /* Debug */,
				4FA4C5202BE245790051E5FB /* Release */,
			);
			defaultConfigurationIsVisible = 0;
			defaultConfigurationName = Release;
		};
		4FA4C5212BE245790051E5FB /* Build configuration list for PBXNativeTarget "firstTests" */ = {
			isa = XCConfigurationList;
			buildConfigurations = (
				4FA4C5222BE245790051E5FB /* Debug */,
				4FA4C5232BE245790051E5FB /* Release */,
			);
			defaultConfigurationIsVisible = 0;
			defaultConfigurationName = Release;
		};
		4FA4C5242BE245790051E5FB /* Build configuration list for PBXNativeTarget "firstUITests" */ = {
			isa = XCConfigurationList;
			buildConfigurations = (
				4FA4C5252BE245790051E5FB /* Debug */,
				4FA4C5262BE245790051E5FB /* Release */,
			);
			defaultConfigurationIsVisible = 0;
			defaultConfigurationName = Release;
		};
/* End XCConfigurationList section */
	};
	rootObject = 4FA4C4EC2BE245780051E5FB /* Project object */;
}
